// !$*UTF8*$!
{
	archiveVersion = 1;
	classes = {
	};
	objectVersion = 56;
	objects = {

/* Begin PBXBuildFile section */
		490297BF2AEC3F63000AFDB4 /* UserRegister.swift in Sources */ = {isa = PBXBuildFile; fileRef = 490297BE2AEC3F63000AFDB4 /* UserRegister.swift */; };
		490297C22AEC417C000AFDB4 /* RegisterUserUseCase.swift in Sources */ = {isa = PBXBuildFile; fileRef = 490297C12AEC417C000AFDB4 /* RegisterUserUseCase.swift */; };
		490297C62AEC41EB000AFDB4 /* AuthNetworkService.swift in Sources */ = {isa = PBXBuildFile; fileRef = 490297C52AEC41EB000AFDB4 /* AuthNetworkService.swift */; };
		490297C82AEC46D7000AFDB4 /* SecureStorageProtocol.swift in Sources */ = {isa = PBXBuildFile; fileRef = 490297C72AEC46D7000AFDB4 /* SecureStorageProtocol.swift */; };
		490297CB2AEC4A62000AFDB4 /* PersonalInfoViewModel.swift in Sources */ = {isa = PBXBuildFile; fileRef = 490297CA2AEC4A62000AFDB4 /* PersonalInfoViewModel.swift */; };
		490297CD2AEC5DFC000AFDB4 /* LoginUseCase.swift in Sources */ = {isa = PBXBuildFile; fileRef = 490297CC2AEC5DFC000AFDB4 /* LoginUseCase.swift */; };
		490297CF2AEC61ED000AFDB4 /* BaseProgressView.swift in Sources */ = {isa = PBXBuildFile; fileRef = 490297CE2AEC61ED000AFDB4 /* BaseProgressView.swift */; };
		4903B1F72AE7045F00BDA83D /* AuthView.swift in Sources */ = {isa = PBXBuildFile; fileRef = 4903B1F62AE7045F00BDA83D /* AuthView.swift */; };
		49115C292AEF702500B50FB9 /* MovieDetailsView.swift in Sources */ = {isa = PBXBuildFile; fileRef = 49115C282AEF702500B50FB9 /* MovieDetailsView.swift */; };
		49145D832ADEBF1B0082E048 /* LaunchScreen.storyboard in Resources */ = {isa = PBXBuildFile; fileRef = 49145D822ADEBF1B0082E048 /* LaunchScreen.storyboard */; };
		491EBBCE2AEBDA2600075FF0 /* ErrorFooterViewModifier.swift in Sources */ = {isa = PBXBuildFile; fileRef = 491EBBCD2AEBDA2600075FF0 /* ErrorFooterViewModifier.swift */; };
		491EBBD02AEBDA5000075FF0 /* FormErrorableItemViewModifier.swift in Sources */ = {isa = PBXBuildFile; fileRef = 491EBBCF2AEBDA5000075FF0 /* FormErrorableItemViewModifier.swift */; };
		491EBBD32AEBDA9800075FF0 /* FormItemBackground.swift in Sources */ = {isa = PBXBuildFile; fileRef = 491EBBD22AEBDA9800075FF0 /* FormItemBackground.swift */; };
		491EBBD62AEBDAFC00075FF0 /* FormBorderedTextFieldStyle.swift in Sources */ = {isa = PBXBuildFile; fileRef = 491EBBD52AEBDAFC00075FF0 /* FormBorderedTextFieldStyle.swift */; };
		491EBBDF2AEBF0F000075FF0 /* ValidationErrorHandler.swift in Sources */ = {isa = PBXBuildFile; fileRef = 491EBBDE2AEBF0F000075FF0 /* ValidationErrorHandler.swift */; };
		491EBBE22AEC20B100075FF0 /* SecureStorage.swift in Sources */ = {isa = PBXBuildFile; fileRef = 491EBBE12AEC20B100075FF0 /* SecureStorage.swift */; };
		49330CCF2ADD278900BFA4C6 /* ReviewShortDTO.swift in Sources */ = {isa = PBXBuildFile; fileRef = 49330CCA2ADD278900BFA4C6 /* ReviewShortDTO.swift */; };
		49330CD12ADD278900BFA4C6 /* MovieShortDTO.swift in Sources */ = {isa = PBXBuildFile; fileRef = 49330CCC2ADD278900BFA4C6 /* MovieShortDTO.swift */; };
		49330CD22ADD278900BFA4C6 /* GenreDTO.swift in Sources */ = {isa = PBXBuildFile; fileRef = 49330CCD2ADD278900BFA4C6 /* GenreDTO.swift */; };
		49330CD62ADD29AD00BFA4C6 /* NetworkServiceProtocols.swift in Sources */ = {isa = PBXBuildFile; fileRef = 49330CD52ADD29AD00BFA4C6 /* NetworkServiceProtocols.swift */; };
		49330CDA2ADD2AA500BFA4C6 /* MovieNetworkConfig.swift in Sources */ = {isa = PBXBuildFile; fileRef = 49330CD92ADD2AA500BFA4C6 /* MovieNetworkConfig.swift */; };
		49330CDC2ADD2E7C00BFA4C6 /* MovieDTO.swift in Sources */ = {isa = PBXBuildFile; fileRef = 49330CDB2ADD2E7C00BFA4C6 /* MovieDTO.swift */; };
		49330CDE2ADD2EB500BFA4C6 /* ReviewDTO.swift in Sources */ = {isa = PBXBuildFile; fileRef = 49330CDD2ADD2EB500BFA4C6 /* ReviewDTO.swift */; };
		49330CE02ADD2ED200BFA4C6 /* UserShortDTO.swift in Sources */ = {isa = PBXBuildFile; fileRef = 49330CDF2ADD2ED200BFA4C6 /* UserShortDTO.swift */; };
		49330CE22ADD41B600BFA4C6 /* UserRegisterDTO.swift in Sources */ = {isa = PBXBuildFile; fileRef = 49330CE12ADD41B600BFA4C6 /* UserRegisterDTO.swift */; };
		49330CE42ADD420100BFA4C6 /* TokenInfo.swift in Sources */ = {isa = PBXBuildFile; fileRef = 49330CE32ADD420100BFA4C6 /* TokenInfo.swift */; };
		49330CE82ADD424000BFA4C6 /* LoginCredentials.swift in Sources */ = {isa = PBXBuildFile; fileRef = 49330CE72ADD424000BFA4C6 /* LoginCredentials.swift */; };
		49330CEB2ADD5B9F00BFA4C6 /* AuthNetworkConfig.swift in Sources */ = {isa = PBXBuildFile; fileRef = 49330CEA2ADD5B9F00BFA4C6 /* AuthNetworkConfig.swift */; };
		49330CED2ADD60E400BFA4C6 /* LogoutResponse.swift in Sources */ = {isa = PBXBuildFile; fileRef = 49330CEC2ADD60E400BFA4C6 /* LogoutResponse.swift */; };
		49330CEF2ADD663B00BFA4C6 /* NetworkManager.swift in Sources */ = {isa = PBXBuildFile; fileRef = 49330CEE2ADD663B00BFA4C6 /* NetworkManager.swift */; };
		49330CF22ADD741F00BFA4C6 /* URLParameterEncoder.swift in Sources */ = {isa = PBXBuildFile; fileRef = 49330CF12ADD741F00BFA4C6 /* URLParameterEncoder.swift */; };
		49330CF42ADD7C7B00BFA4C6 /* NetworkConfig.swift in Sources */ = {isa = PBXBuildFile; fileRef = 49330CF32ADD7C7B00BFA4C6 /* NetworkConfig.swift */; };
		49330CF62ADD7C8B00BFA4C6 /* HTTPTask.swift in Sources */ = {isa = PBXBuildFile; fileRef = 49330CF52ADD7C8B00BFA4C6 /* HTTPTask.swift */; };
		49330CF92ADD854800BFA4C6 /* ProfileDTO.swift in Sources */ = {isa = PBXBuildFile; fileRef = 49330CF82ADD854800BFA4C6 /* ProfileDTO.swift */; };
		49330CFB2ADD856D00BFA4C6 /* GenderDTO.swift in Sources */ = {isa = PBXBuildFile; fileRef = 49330CFA2ADD856D00BFA4C6 /* GenderDTO.swift */; };
		49330CFD2ADD85E500BFA4C6 /* UserNetworkConfig.swift in Sources */ = {isa = PBXBuildFile; fileRef = 49330CFC2ADD85E500BFA4C6 /* UserNetworkConfig.swift */; };
		49330CFF2ADD8F2400BFA4C6 /* FavoriteMoviesNetworkConfig.swift in Sources */ = {isa = PBXBuildFile; fileRef = 49330CFE2ADD8F2400BFA4C6 /* FavoriteMoviesNetworkConfig.swift */; };
		49330D012ADD992F00BFA4C6 /* ReviewModifyDTO.swift in Sources */ = {isa = PBXBuildFile; fileRef = 49330D002ADD992F00BFA4C6 /* ReviewModifyDTO.swift */; };
		49330D032ADD996300BFA4C6 /* ReviewNetworkConfig.swift in Sources */ = {isa = PBXBuildFile; fileRef = 49330D022ADD996300BFA4C6 /* ReviewNetworkConfig.swift */; };
		493BB4E72AE1901D004C879F /* DatePickerField.swift in Sources */ = {isa = PBXBuildFile; fileRef = 493BB4E62AE1901D004C879F /* DatePickerField.swift */; };
		49612AC32ADAD8AF0081832B /* MoviesApp.swift in Sources */ = {isa = PBXBuildFile; fileRef = 49612AC22ADAD8AF0081832B /* MoviesApp.swift */; };
		49612AC72ADAD8B10081832B /* Assets.xcassets in Resources */ = {isa = PBXBuildFile; fileRef = 49612AC62ADAD8B10081832B /* Assets.xcassets */; };
		49612ACA2ADAD8B10081832B /* Preview Assets.xcassets in Resources */ = {isa = PBXBuildFile; fileRef = 49612AC92ADAD8B10081832B /* Preview Assets.xcassets */; };
		4961F45B2ADFDF9700A717AB /* WelcomeView.swift in Sources */ = {isa = PBXBuildFile; fileRef = 4961F45A2ADFDF9700A717AB /* WelcomeView.swift */; };
		4961F4612ADFEACD00A717AB /* Localizable.xcstrings in Resources */ = {isa = PBXBuildFile; fileRef = 4961F4602ADFEACD00A717AB /* Localizable.xcstrings */; };
		4961F4652AE0009E00A717AB /* AppBackgroundViewModifier.swift in Sources */ = {isa = PBXBuildFile; fileRef = 4961F4642AE0009E00A717AB /* AppBackgroundViewModifier.swift */; };
		4961F46F2AE00AC100A717AB /* AppNavigationTitleViewModifier.swift in Sources */ = {isa = PBXBuildFile; fileRef = 4961F46E2AE00AC100A717AB /* AppNavigationTitleViewModifier.swift */; };
		4961F4742AE0210900A717AB /* LoginView.swift in Sources */ = {isa = PBXBuildFile; fileRef = 4961F4732AE0210900A717AB /* LoginView.swift */; };
		4961F4772AE021A200A717AB /* LoginViewModel.swift in Sources */ = {isa = PBXBuildFile; fileRef = 4961F4762AE021A200A717AB /* LoginViewModel.swift */; };
		4961F4792AE021AC00A717AB /* LoginViewState.swift in Sources */ = {isa = PBXBuildFile; fileRef = 4961F4782AE021AC00A717AB /* LoginViewState.swift */; };
		4961F47C2AE021C800A717AB /* ViewModel.swift in Sources */ = {isa = PBXBuildFile; fileRef = 4961F47B2AE021C800A717AB /* ViewModel.swift */; };
		4961F48D2AE045A700A717AB /* SecureInputView.swift in Sources */ = {isa = PBXBuildFile; fileRef = 4961F48C2AE045A700A717AB /* SecureInputView.swift */; };
		4961F48F2AE0490B00A717AB /* FormTextFieldStyle.swift in Sources */ = {isa = PBXBuildFile; fileRef = 4961F48E2AE0490B00A717AB /* FormTextFieldStyle.swift */; };
		4961F4932AE0520F00A717AB /* CalloutButtonStyle.swift in Sources */ = {isa = PBXBuildFile; fileRef = 4961F4922AE0520F00A717AB /* CalloutButtonStyle.swift */; };
		4961F4982AE05CAE00A717AB /* BaseButtonStyle.swift in Sources */ = {isa = PBXBuildFile; fileRef = 4961F4972AE05CAE00A717AB /* BaseButtonStyle.swift */; };
		4977E3C42ADBCF51008CE679 /* HTTPMethod.swift in Sources */ = {isa = PBXBuildFile; fileRef = 4977E3C32ADBCF51008CE679 /* HTTPMethod.swift */; };
		4977E3CC2ADBD1DE008CE679 /* NetworkError.swift in Sources */ = {isa = PBXBuildFile; fileRef = 4977E3CB2ADBD1DE008CE679 /* NetworkError.swift */; };
		497831642AEECD8300860C41 /* MainViewModel.swift in Sources */ = {isa = PBXBuildFile; fileRef = 497831632AEECD8300860C41 /* MainViewModel.swift */; };
		497831662AEECDAA00860C41 /* MainViewState.swift in Sources */ = {isa = PBXBuildFile; fileRef = 497831652AEECDAA00860C41 /* MainViewState.swift */; };
		497831682AEED4E600860C41 /* MovieRepositoryProtocol.swift in Sources */ = {isa = PBXBuildFile; fileRef = 497831672AEED4E600860C41 /* MovieRepositoryProtocol.swift */; };
		4978316A2AEED54500860C41 /* Movie.swift in Sources */ = {isa = PBXBuildFile; fileRef = 497831692AEED54500860C41 /* Movie.swift */; };
		4978316C2AEED55D00860C41 /* Review.swift in Sources */ = {isa = PBXBuildFile; fileRef = 4978316B2AEED55D00860C41 /* Review.swift */; };
		4978316E2AEED57900860C41 /* UserShort.swift in Sources */ = {isa = PBXBuildFile; fileRef = 4978316D2AEED57900860C41 /* UserShort.swift */; };
		497831702AEED5E800860C41 /* MovieRepository.swift in Sources */ = {isa = PBXBuildFile; fileRef = 4978316F2AEED5E800860C41 /* MovieRepository.swift */; };
		497831722AEEE09200860C41 /* FetchMoviesUseCase.swift in Sources */ = {isa = PBXBuildFile; fileRef = 497831712AEEE09200860C41 /* FetchMoviesUseCase.swift */; };
		497831752AEEE21F00860C41 /* String+Placeholder.swift in Sources */ = {isa = PBXBuildFile; fileRef = 497831742AEEE21F00860C41 /* String+Placeholder.swift */; };
		497831772AEEE22C00860C41 /* View+Redacted.swift in Sources */ = {isa = PBXBuildFile; fileRef = 497831762AEEE22C00860C41 /* View+Redacted.swift */; };
		497831792AEEE25400860C41 /* HasPlaceholder.swift in Sources */ = {isa = PBXBuildFile; fileRef = 497831782AEEE25400860C41 /* HasPlaceholder.swift */; };
		4978317C2AEEE9BF00860C41 /* ReviewDetails.swift in Sources */ = {isa = PBXBuildFile; fileRef = 4978317B2AEEE9BF00860C41 /* ReviewDetails.swift */; };
		4978317F2AEEEA2B00860C41 /* MovieDetails.swift in Sources */ = {isa = PBXBuildFile; fileRef = 4978317E2AEEEA2B00860C41 /* MovieDetails.swift */; };
		497831812AEEF82F00860C41 /* PageInfoDTO.swift in Sources */ = {isa = PBXBuildFile; fileRef = 497831802AEEF82F00860C41 /* PageInfoDTO.swift */; };
		497831832AEEF83D00860C41 /* PageInfo.swift in Sources */ = {isa = PBXBuildFile; fileRef = 497831822AEEF83D00860C41 /* PageInfo.swift */; };
		497BC4582AE790E70002336C /* AuthCoordinator.swift in Sources */ = {isa = PBXBuildFile; fileRef = 497BC4572AE790E70002336C /* AuthCoordinator.swift */; };
		4984BE152ADC6ABC00364027 /* NetworkService.swift in Sources */ = {isa = PBXBuildFile; fileRef = 4984BE142ADC6ABB00364027 /* NetworkService.swift */; };
		49878FDE2AE43BB50076BF85 /* LoginRouter.swift in Sources */ = {isa = PBXBuildFile; fileRef = 49878FDD2AE43BB50076BF85 /* LoginRouter.swift */; };
		49878FE72AE43E080076BF85 /* ScreenFactory.swift in Sources */ = {isa = PBXBuildFile; fileRef = 49878FE62AE43E080076BF85 /* ScreenFactory.swift */; };
		4995FF1F2AE2C2B300948457 /* UISegmentedControl+ContentHugging.swift in Sources */ = {isa = PBXBuildFile; fileRef = 4995FF1E2AE2C2B300948457 /* UISegmentedControl+ContentHugging.swift */; };
		49A3FACA2AED798E0043512C /* ProfileView.swift in Sources */ = {isa = PBXBuildFile; fileRef = 49A3FAC92AED798E0043512C /* ProfileView.swift */; };
		49A3FACD2AED79AA0043512C /* ProfileViewState.swift in Sources */ = {isa = PBXBuildFile; fileRef = 49A3FACC2AED79AA0043512C /* ProfileViewState.swift */; };
		49A3FACF2AED7ACB0043512C /* ProfileViewModel.swift in Sources */ = {isa = PBXBuildFile; fileRef = 49A3FACE2AED7ACB0043512C /* ProfileViewModel.swift */; };
		49A3FAD12AED7DE00043512C /* GenderSegmentedPicker.swift in Sources */ = {isa = PBXBuildFile; fileRef = 49A3FAD02AED7DE00043512C /* GenderSegmentedPicker.swift */; };
		49A3FAD72AED81CB0043512C /* AvatarAsyncImage.swift in Sources */ = {isa = PBXBuildFile; fileRef = 49A3FAD62AED81CB0043512C /* AvatarAsyncImage.swift */; };
		49A3FADB2AED8A9A0043512C /* UpdateProfileUseCase.swift in Sources */ = {isa = PBXBuildFile; fileRef = 49A3FADA2AED8A9A0043512C /* UpdateProfileUseCase.swift */; };
		49A3FADD2AED8AE50043512C /* Profile.swift in Sources */ = {isa = PBXBuildFile; fileRef = 49A3FADC2AED8AE50043512C /* Profile.swift */; };
		49A3FAE22AEDADA90043512C /* ProfileRepositoryProtocol.swift in Sources */ = {isa = PBXBuildFile; fileRef = 49A3FAE12AEDADA90043512C /* ProfileRepositoryProtocol.swift */; };
		49A3FAE52AEDAEE70043512C /* ProfileRepository.swift in Sources */ = {isa = PBXBuildFile; fileRef = 49A3FAE42AEDAEE60043512C /* ProfileRepository.swift */; };
		49A3FAE82AEDBB270043512C /* GetProfileUseCase.swift in Sources */ = {isa = PBXBuildFile; fileRef = 49A3FAE72AEDBB270043512C /* GetProfileUseCase.swift */; };
		49A562842AE0EAD400222062 /* AuthScreenTitle.swift in Sources */ = {isa = PBXBuildFile; fileRef = 49A562832AE0EAD400222062 /* AuthScreenTitle.swift */; };
		49A620652AE6EBD800CEE994 /* TintColor.swift in Sources */ = {isa = PBXBuildFile; fileRef = 49A620642AE6EBD800CEE994 /* TintColor.swift */; };
		49A620672AE6EC0000CEE994 /* LabeledViewModifier.swift in Sources */ = {isa = PBXBuildFile; fileRef = 49A620662AE6EC0000CEE994 /* LabeledViewModifier.swift */; };
		49B6D75D2AE9A41B00451DAF /* ValidateEmailUseCase.swift in Sources */ = {isa = PBXBuildFile; fileRef = 49B6D75C2AE9A41B00451DAF /* ValidateEmailUseCase.swift */; };
		49B6D75F2AE9A7AD00451DAF /* AppFactory.swift in Sources */ = {isa = PBXBuildFile; fileRef = 49B6D75E2AE9A7AD00451DAF /* AppFactory.swift */; };
		49C189BF2AE3F70D0029BAF9 /* Routable.swift in Sources */ = {isa = PBXBuildFile; fileRef = 49C189BE2AE3F70D0029BAF9 /* Routable.swift */; };
		49C189C12AE3F7750029BAF9 /* NavigationState.swift in Sources */ = {isa = PBXBuildFile; fileRef = 49C189C02AE3F7750029BAF9 /* NavigationState.swift */; };
		49C189C42AE3F80A0029BAF9 /* WelcomeRouter.swift in Sources */ = {isa = PBXBuildFile; fileRef = 49C189C32AE3F80A0029BAF9 /* WelcomeRouter.swift */; };
		49C189C82AE3FA940029BAF9 /* AppCoordinator.swift in Sources */ = {isa = PBXBuildFile; fileRef = 49C189C72AE3FA940029BAF9 /* AppCoordinator.swift */; };
		49C189CB2AE3FC090029BAF9 /* WelcomeViewModel.swift in Sources */ = {isa = PBXBuildFile; fileRef = 49C189CA2AE3FC090029BAF9 /* WelcomeViewModel.swift */; };
		49C189CD2AE3FC2F0029BAF9 /* WelcomeViewState.swift in Sources */ = {isa = PBXBuildFile; fileRef = 49C189CC2AE3FC2F0029BAF9 /* WelcomeViewState.swift */; };
		49C3CE972AEA56EE009FACF4 /* PersonalInfoRegistrationViewModel.swift in Sources */ = {isa = PBXBuildFile; fileRef = 49C3CE962AEA56EE009FACF4 /* PersonalInfoRegistrationViewModel.swift */; };
		49C3CE9A2AEA5716009FACF4 /* PersonalInfoRegistrationViewState.swift in Sources */ = {isa = PBXBuildFile; fileRef = 49C3CE992AEA5716009FACF4 /* PersonalInfoRegistrationViewState.swift */; };
		49C3CE9C2AEA585D009FACF4 /* PersonalInfoRegistrationRouter.swift in Sources */ = {isa = PBXBuildFile; fileRef = 49C3CE9B2AEA585D009FACF4 /* PersonalInfoRegistrationRouter.swift */; };
		49C3CE9E2AEA595A009FACF4 /* PersonalInfoRegistrationView.swift in Sources */ = {isa = PBXBuildFile; fileRef = 49C3CE9D2AEA595A009FACF4 /* PersonalInfoRegistrationView.swift */; };
		49C3CEA02AEA5A5A009FACF4 /* PasswordRegistrationRouter.swift in Sources */ = {isa = PBXBuildFile; fileRef = 49C3CE9F2AEA5A5A009FACF4 /* PasswordRegistrationRouter.swift */; };
		49C3CEA42AEA5B10009FACF4 /* PasswordRegistrationViewState.swift in Sources */ = {isa = PBXBuildFile; fileRef = 49C3CEA32AEA5B10009FACF4 /* PasswordRegistrationViewState.swift */; };
		49C3CEA62AEA6026009FACF4 /* PasswordRegistrationView.swift in Sources */ = {isa = PBXBuildFile; fileRef = 49C3CEA52AEA6026009FACF4 /* PasswordRegistrationView.swift */; };
		49C3CEA82AEA603D009FACF4 /* PasswordRegistrationViewModel.swift in Sources */ = {isa = PBXBuildFile; fileRef = 49C3CEA72AEA603D009FACF4 /* PasswordRegistrationViewModel.swift */; };
		49C3CEAF2AEA6D32009FACF4 /* ScreenFactoryProtocols.swift in Sources */ = {isa = PBXBuildFile; fileRef = 49C3CEAE2AEA6D32009FACF4 /* ScreenFactoryProtocols.swift */; };
		49C3CEBA2AEA725F009FACF4 /* CoordinatorFactoryProtocols.swift in Sources */ = {isa = PBXBuildFile; fileRef = 49C3CEB92AEA725F009FACF4 /* CoordinatorFactoryProtocols.swift */; };
		49CD15C42AEACE89003E6ADC /* ValidateUsernameUseCase.swift in Sources */ = {isa = PBXBuildFile; fileRef = 49CD15C32AEACE89003E6ADC /* ValidateUsernameUseCase.swift */; };
		49CD15C62AEAD21A003E6ADC /* ValidatePasswordUseCase.swift in Sources */ = {isa = PBXBuildFile; fileRef = 49CD15C52AEAD21A003E6ADC /* ValidatePasswordUseCase.swift */; };
		49DA5D7C2AEA7B4100F96E97 /* AuthNavigationState.swift in Sources */ = {isa = PBXBuildFile; fileRef = 49DA5D7B2AEA7B4100F96E97 /* AuthNavigationState.swift */; };
		49E3A8C22AE1172B00AA05C5 /* Gender.swift in Sources */ = {isa = PBXBuildFile; fileRef = 49E3A8C12AE1172B00AA05C5 /* Gender.swift */; };
		49E3A8C52AE11C3700AA05C5 /* BaseSegmentedPicker.swift in Sources */ = {isa = PBXBuildFile; fileRef = 49E3A8C42AE11C3700AA05C5 /* BaseSegmentedPicker.swift */; };
		49E9280C2AE3E4F3006CC6EF /* LocalizedKeysConstants.swift in Sources */ = {isa = PBXBuildFile; fileRef = 49E9280B2AE3E4F3006CC6EF /* LocalizedKeysConstants.swift */; };
		49EB26552AECEEB400FFD335 /* MovieAsyncImage.swift in Sources */ = {isa = PBXBuildFile; fileRef = 49EB26542AECEEB400FFD335 /* MovieAsyncImage.swift */; };
		49EB265D2AECF2EF00FFD335 /* MainView.swift in Sources */ = {isa = PBXBuildFile; fileRef = 49EB265C2AECF2EF00FFD335 /* MainView.swift */; };
		49EB26602AECF38E00FFD335 /* MovieItem.swift in Sources */ = {isa = PBXBuildFile; fileRef = 49EB265F2AECF38E00FFD335 /* MovieItem.swift */; };
		49EB26622AED01E200FFD335 /* MovieShort.swift in Sources */ = {isa = PBXBuildFile; fileRef = 49EB26612AED01E200FFD335 /* MovieShort.swift */; };
		49EB26642AED020F00FFD335 /* MockData.swift in Sources */ = {isa = PBXBuildFile; fileRef = 49EB26632AED020F00FFD335 /* MockData.swift */; };
		49EB26662AED02A600FFD335 /* MovieItemViewModel.swift in Sources */ = {isa = PBXBuildFile; fileRef = 49EB26652AED02A600FFD335 /* MovieItemViewModel.swift */; };
		49EB26682AED03AA00FFD335 /* Genre.swift in Sources */ = {isa = PBXBuildFile; fileRef = 49EB26672AED03AA00FFD335 /* Genre.swift */; };
		49EB266A2AED057A00FFD335 /* ReviewShort.swift in Sources */ = {isa = PBXBuildFile; fileRef = 49EB26692AED057A00FFD335 /* ReviewShort.swift */; };
		49EB266D2AED272D00FFD335 /* RatingTagView.swift in Sources */ = {isa = PBXBuildFile; fileRef = 49EB266C2AED272D00FFD335 /* RatingTagView.swift */; };
		49EB26702AED286A00FFD335 /* TagLayout.swift in Sources */ = {isa = PBXBuildFile; fileRef = 49EB266F2AED286A00FFD335 /* TagLayout.swift */; };
		49EB26762AED5E3900FFD335 /* GenreItem.swift in Sources */ = {isa = PBXBuildFile; fileRef = 49EB26752AED5E3900FFD335 /* GenreItem.swift */; };
/* End PBXBuildFile section */

/* Begin PBXFileReference section */
		490297BE2AEC3F63000AFDB4 /* UserRegister.swift */ = {isa = PBXFileReference; lastKnownFileType = sourcecode.swift; path = UserRegister.swift; sourceTree = "<group>"; };
		490297C12AEC417C000AFDB4 /* RegisterUserUseCase.swift */ = {isa = PBXFileReference; lastKnownFileType = sourcecode.swift; path = RegisterUserUseCase.swift; sourceTree = "<group>"; };
		490297C52AEC41EB000AFDB4 /* AuthNetworkService.swift */ = {isa = PBXFileReference; lastKnownFileType = sourcecode.swift; path = AuthNetworkService.swift; sourceTree = "<group>"; };
		490297C72AEC46D7000AFDB4 /* SecureStorageProtocol.swift */ = {isa = PBXFileReference; lastKnownFileType = sourcecode.swift; path = SecureStorageProtocol.swift; sourceTree = "<group>"; };
		490297CA2AEC4A62000AFDB4 /* PersonalInfoViewModel.swift */ = {isa = PBXFileReference; lastKnownFileType = sourcecode.swift; path = PersonalInfoViewModel.swift; sourceTree = "<group>"; };
		490297CC2AEC5DFC000AFDB4 /* LoginUseCase.swift */ = {isa = PBXFileReference; lastKnownFileType = sourcecode.swift; path = LoginUseCase.swift; sourceTree = "<group>"; };
		490297CE2AEC61ED000AFDB4 /* BaseProgressView.swift */ = {isa = PBXFileReference; lastKnownFileType = sourcecode.swift; path = BaseProgressView.swift; sourceTree = "<group>"; };
		4903B1F62AE7045F00BDA83D /* AuthView.swift */ = {isa = PBXFileReference; lastKnownFileType = sourcecode.swift; path = AuthView.swift; sourceTree = "<group>"; };
		49115C282AEF702500B50FB9 /* MovieDetailsView.swift */ = {isa = PBXFileReference; lastKnownFileType = sourcecode.swift; path = MovieDetailsView.swift; sourceTree = "<group>"; };
		49145D822ADEBF1B0082E048 /* LaunchScreen.storyboard */ = {isa = PBXFileReference; lastKnownFileType = file.storyboard; path = LaunchScreen.storyboard; sourceTree = "<group>"; };
		491EBBCD2AEBDA2600075FF0 /* ErrorFooterViewModifier.swift */ = {isa = PBXFileReference; lastKnownFileType = sourcecode.swift; path = ErrorFooterViewModifier.swift; sourceTree = "<group>"; };
		491EBBCF2AEBDA5000075FF0 /* FormErrorableItemViewModifier.swift */ = {isa = PBXFileReference; lastKnownFileType = sourcecode.swift; path = FormErrorableItemViewModifier.swift; sourceTree = "<group>"; };
		491EBBD22AEBDA9800075FF0 /* FormItemBackground.swift */ = {isa = PBXFileReference; lastKnownFileType = sourcecode.swift; path = FormItemBackground.swift; sourceTree = "<group>"; };
		491EBBD52AEBDAFC00075FF0 /* FormBorderedTextFieldStyle.swift */ = {isa = PBXFileReference; lastKnownFileType = sourcecode.swift; path = FormBorderedTextFieldStyle.swift; sourceTree = "<group>"; };
		491EBBDE2AEBF0F000075FF0 /* ValidationErrorHandler.swift */ = {isa = PBXFileReference; lastKnownFileType = sourcecode.swift; path = ValidationErrorHandler.swift; sourceTree = "<group>"; };
		491EBBE12AEC20B100075FF0 /* SecureStorage.swift */ = {isa = PBXFileReference; lastKnownFileType = sourcecode.swift; path = SecureStorage.swift; sourceTree = "<group>"; };
		49330CCA2ADD278900BFA4C6 /* ReviewShortDTO.swift */ = {isa = PBXFileReference; fileEncoding = 4; lastKnownFileType = sourcecode.swift; path = ReviewShortDTO.swift; sourceTree = "<group>"; };
		49330CCC2ADD278900BFA4C6 /* MovieShortDTO.swift */ = {isa = PBXFileReference; fileEncoding = 4; lastKnownFileType = sourcecode.swift; path = MovieShortDTO.swift; sourceTree = "<group>"; };
		49330CCD2ADD278900BFA4C6 /* GenreDTO.swift */ = {isa = PBXFileReference; fileEncoding = 4; lastKnownFileType = sourcecode.swift; path = GenreDTO.swift; sourceTree = "<group>"; };
		49330CD52ADD29AD00BFA4C6 /* NetworkServiceProtocols.swift */ = {isa = PBXFileReference; lastKnownFileType = sourcecode.swift; path = NetworkServiceProtocols.swift; sourceTree = "<group>"; };
		49330CD92ADD2AA500BFA4C6 /* MovieNetworkConfig.swift */ = {isa = PBXFileReference; lastKnownFileType = sourcecode.swift; path = MovieNetworkConfig.swift; sourceTree = "<group>"; };
		49330CDB2ADD2E7C00BFA4C6 /* MovieDTO.swift */ = {isa = PBXFileReference; lastKnownFileType = sourcecode.swift; path = MovieDTO.swift; sourceTree = "<group>"; };
		49330CDD2ADD2EB500BFA4C6 /* ReviewDTO.swift */ = {isa = PBXFileReference; lastKnownFileType = sourcecode.swift; path = ReviewDTO.swift; sourceTree = "<group>"; };
		49330CDF2ADD2ED200BFA4C6 /* UserShortDTO.swift */ = {isa = PBXFileReference; lastKnownFileType = sourcecode.swift; path = UserShortDTO.swift; sourceTree = "<group>"; };
		49330CE12ADD41B600BFA4C6 /* UserRegisterDTO.swift */ = {isa = PBXFileReference; fileEncoding = 4; lastKnownFileType = sourcecode.swift; path = UserRegisterDTO.swift; sourceTree = "<group>"; };
		49330CE32ADD420100BFA4C6 /* TokenInfo.swift */ = {isa = PBXFileReference; lastKnownFileType = sourcecode.swift; path = TokenInfo.swift; sourceTree = "<group>"; };
		49330CE72ADD424000BFA4C6 /* LoginCredentials.swift */ = {isa = PBXFileReference; fileEncoding = 4; lastKnownFileType = sourcecode.swift; path = LoginCredentials.swift; sourceTree = "<group>"; };
		49330CEA2ADD5B9F00BFA4C6 /* AuthNetworkConfig.swift */ = {isa = PBXFileReference; lastKnownFileType = sourcecode.swift; path = AuthNetworkConfig.swift; sourceTree = "<group>"; };
		49330CEC2ADD60E400BFA4C6 /* LogoutResponse.swift */ = {isa = PBXFileReference; lastKnownFileType = sourcecode.swift; path = LogoutResponse.swift; sourceTree = "<group>"; };
		49330CEE2ADD663B00BFA4C6 /* NetworkManager.swift */ = {isa = PBXFileReference; lastKnownFileType = sourcecode.swift; path = NetworkManager.swift; sourceTree = "<group>"; };
		49330CF12ADD741F00BFA4C6 /* URLParameterEncoder.swift */ = {isa = PBXFileReference; lastKnownFileType = sourcecode.swift; path = URLParameterEncoder.swift; sourceTree = "<group>"; };
		49330CF32ADD7C7B00BFA4C6 /* NetworkConfig.swift */ = {isa = PBXFileReference; lastKnownFileType = sourcecode.swift; path = NetworkConfig.swift; sourceTree = "<group>"; };
		49330CF52ADD7C8B00BFA4C6 /* HTTPTask.swift */ = {isa = PBXFileReference; lastKnownFileType = sourcecode.swift; path = HTTPTask.swift; sourceTree = "<group>"; };
		49330CF82ADD854800BFA4C6 /* ProfileDTO.swift */ = {isa = PBXFileReference; lastKnownFileType = sourcecode.swift; path = ProfileDTO.swift; sourceTree = "<group>"; };
		49330CFA2ADD856D00BFA4C6 /* GenderDTO.swift */ = {isa = PBXFileReference; lastKnownFileType = sourcecode.swift; path = GenderDTO.swift; sourceTree = "<group>"; };
		49330CFC2ADD85E500BFA4C6 /* UserNetworkConfig.swift */ = {isa = PBXFileReference; lastKnownFileType = sourcecode.swift; path = UserNetworkConfig.swift; sourceTree = "<group>"; };
		49330CFE2ADD8F2400BFA4C6 /* FavoriteMoviesNetworkConfig.swift */ = {isa = PBXFileReference; lastKnownFileType = sourcecode.swift; path = FavoriteMoviesNetworkConfig.swift; sourceTree = "<group>"; };
		49330D002ADD992F00BFA4C6 /* ReviewModifyDTO.swift */ = {isa = PBXFileReference; lastKnownFileType = sourcecode.swift; path = ReviewModifyDTO.swift; sourceTree = "<group>"; };
		49330D022ADD996300BFA4C6 /* ReviewNetworkConfig.swift */ = {isa = PBXFileReference; lastKnownFileType = sourcecode.swift; path = ReviewNetworkConfig.swift; sourceTree = "<group>"; };
		493BB4E62AE1901D004C879F /* DatePickerField.swift */ = {isa = PBXFileReference; lastKnownFileType = sourcecode.swift; path = DatePickerField.swift; sourceTree = "<group>"; };
		49612ABF2ADAD8AF0081832B /* Movies.app */ = {isa = PBXFileReference; explicitFileType = wrapper.application; includeInIndex = 0; path = Movies.app; sourceTree = BUILT_PRODUCTS_DIR; };
		49612AC22ADAD8AF0081832B /* MoviesApp.swift */ = {isa = PBXFileReference; lastKnownFileType = sourcecode.swift; path = MoviesApp.swift; sourceTree = "<group>"; };
		49612AC62ADAD8B10081832B /* Assets.xcassets */ = {isa = PBXFileReference; lastKnownFileType = folder.assetcatalog; path = Assets.xcassets; sourceTree = "<group>"; };
		49612AC92ADAD8B10081832B /* Preview Assets.xcassets */ = {isa = PBXFileReference; lastKnownFileType = folder.assetcatalog; path = "Preview Assets.xcassets"; sourceTree = "<group>"; };
		4961F45A2ADFDF9700A717AB /* WelcomeView.swift */ = {isa = PBXFileReference; lastKnownFileType = sourcecode.swift; path = WelcomeView.swift; sourceTree = "<group>"; };
		4961F4602ADFEACD00A717AB /* Localizable.xcstrings */ = {isa = PBXFileReference; lastKnownFileType = text.json.xcstrings; path = Localizable.xcstrings; sourceTree = "<group>"; };
		4961F4642AE0009E00A717AB /* AppBackgroundViewModifier.swift */ = {isa = PBXFileReference; lastKnownFileType = sourcecode.swift; path = AppBackgroundViewModifier.swift; sourceTree = "<group>"; };
		4961F46E2AE00AC100A717AB /* AppNavigationTitleViewModifier.swift */ = {isa = PBXFileReference; lastKnownFileType = sourcecode.swift; path = AppNavigationTitleViewModifier.swift; sourceTree = "<group>"; };
		4961F4732AE0210900A717AB /* LoginView.swift */ = {isa = PBXFileReference; lastKnownFileType = sourcecode.swift; path = LoginView.swift; sourceTree = "<group>"; };
		4961F4762AE021A200A717AB /* LoginViewModel.swift */ = {isa = PBXFileReference; lastKnownFileType = sourcecode.swift; path = LoginViewModel.swift; sourceTree = "<group>"; };
		4961F4782AE021AC00A717AB /* LoginViewState.swift */ = {isa = PBXFileReference; lastKnownFileType = sourcecode.swift; path = LoginViewState.swift; sourceTree = "<group>"; };
		4961F47B2AE021C800A717AB /* ViewModel.swift */ = {isa = PBXFileReference; lastKnownFileType = sourcecode.swift; path = ViewModel.swift; sourceTree = "<group>"; };
		4961F48C2AE045A700A717AB /* SecureInputView.swift */ = {isa = PBXFileReference; lastKnownFileType = sourcecode.swift; path = SecureInputView.swift; sourceTree = "<group>"; };
		4961F48E2AE0490B00A717AB /* FormTextFieldStyle.swift */ = {isa = PBXFileReference; lastKnownFileType = sourcecode.swift; path = FormTextFieldStyle.swift; sourceTree = "<group>"; };
		4961F4922AE0520F00A717AB /* CalloutButtonStyle.swift */ = {isa = PBXFileReference; lastKnownFileType = sourcecode.swift; path = CalloutButtonStyle.swift; sourceTree = "<group>"; };
		4961F4972AE05CAE00A717AB /* BaseButtonStyle.swift */ = {isa = PBXFileReference; lastKnownFileType = sourcecode.swift; path = BaseButtonStyle.swift; sourceTree = "<group>"; };
		4977E3C32ADBCF51008CE679 /* HTTPMethod.swift */ = {isa = PBXFileReference; lastKnownFileType = sourcecode.swift; path = HTTPMethod.swift; sourceTree = "<group>"; };
		4977E3CB2ADBD1DE008CE679 /* NetworkError.swift */ = {isa = PBXFileReference; lastKnownFileType = sourcecode.swift; path = NetworkError.swift; sourceTree = "<group>"; };
		497831632AEECD8300860C41 /* MainViewModel.swift */ = {isa = PBXFileReference; lastKnownFileType = sourcecode.swift; path = MainViewModel.swift; sourceTree = "<group>"; };
		497831652AEECDAA00860C41 /* MainViewState.swift */ = {isa = PBXFileReference; lastKnownFileType = sourcecode.swift; path = MainViewState.swift; sourceTree = "<group>"; };
		497831672AEED4E600860C41 /* MovieRepositoryProtocol.swift */ = {isa = PBXFileReference; lastKnownFileType = sourcecode.swift; path = MovieRepositoryProtocol.swift; sourceTree = "<group>"; };
		497831692AEED54500860C41 /* Movie.swift */ = {isa = PBXFileReference; lastKnownFileType = sourcecode.swift; path = Movie.swift; sourceTree = "<group>"; };
		4978316B2AEED55D00860C41 /* Review.swift */ = {isa = PBXFileReference; lastKnownFileType = sourcecode.swift; path = Review.swift; sourceTree = "<group>"; };
		4978316D2AEED57900860C41 /* UserShort.swift */ = {isa = PBXFileReference; lastKnownFileType = sourcecode.swift; path = UserShort.swift; sourceTree = "<group>"; };
		4978316F2AEED5E800860C41 /* MovieRepository.swift */ = {isa = PBXFileReference; lastKnownFileType = sourcecode.swift; path = MovieRepository.swift; sourceTree = "<group>"; };
		497831712AEEE09200860C41 /* FetchMoviesUseCase.swift */ = {isa = PBXFileReference; lastKnownFileType = sourcecode.swift; path = FetchMoviesUseCase.swift; sourceTree = "<group>"; };
		497831742AEEE21F00860C41 /* String+Placeholder.swift */ = {isa = PBXFileReference; lastKnownFileType = sourcecode.swift; path = "String+Placeholder.swift"; sourceTree = "<group>"; };
		497831762AEEE22C00860C41 /* View+Redacted.swift */ = {isa = PBXFileReference; lastKnownFileType = sourcecode.swift; path = "View+Redacted.swift"; sourceTree = "<group>"; };
		497831782AEEE25400860C41 /* HasPlaceholder.swift */ = {isa = PBXFileReference; lastKnownFileType = sourcecode.swift; path = HasPlaceholder.swift; sourceTree = "<group>"; };
		4978317B2AEEE9BF00860C41 /* ReviewDetails.swift */ = {isa = PBXFileReference; lastKnownFileType = sourcecode.swift; path = ReviewDetails.swift; sourceTree = "<group>"; };
		4978317E2AEEEA2B00860C41 /* MovieDetails.swift */ = {isa = PBXFileReference; lastKnownFileType = sourcecode.swift; path = MovieDetails.swift; sourceTree = "<group>"; };
		497831802AEEF82F00860C41 /* PageInfoDTO.swift */ = {isa = PBXFileReference; lastKnownFileType = sourcecode.swift; path = PageInfoDTO.swift; sourceTree = "<group>"; };
		497831822AEEF83D00860C41 /* PageInfo.swift */ = {isa = PBXFileReference; lastKnownFileType = sourcecode.swift; path = PageInfo.swift; sourceTree = "<group>"; };
		497BC4572AE790E70002336C /* AuthCoordinator.swift */ = {isa = PBXFileReference; lastKnownFileType = sourcecode.swift; path = AuthCoordinator.swift; sourceTree = "<group>"; };
		4984BE142ADC6ABB00364027 /* NetworkService.swift */ = {isa = PBXFileReference; lastKnownFileType = sourcecode.swift; path = NetworkService.swift; sourceTree = "<group>"; };
		49878FDD2AE43BB50076BF85 /* LoginRouter.swift */ = {isa = PBXFileReference; lastKnownFileType = sourcecode.swift; path = LoginRouter.swift; sourceTree = "<group>"; };
		49878FE62AE43E080076BF85 /* ScreenFactory.swift */ = {isa = PBXFileReference; lastKnownFileType = sourcecode.swift; path = ScreenFactory.swift; sourceTree = "<group>"; };
		4995FF1E2AE2C2B300948457 /* UISegmentedControl+ContentHugging.swift */ = {isa = PBXFileReference; lastKnownFileType = sourcecode.swift; path = "UISegmentedControl+ContentHugging.swift"; sourceTree = "<group>"; };
		49A3FAC92AED798E0043512C /* ProfileView.swift */ = {isa = PBXFileReference; lastKnownFileType = sourcecode.swift; path = ProfileView.swift; sourceTree = "<group>"; };
		49A3FACC2AED79AA0043512C /* ProfileViewState.swift */ = {isa = PBXFileReference; lastKnownFileType = sourcecode.swift; path = ProfileViewState.swift; sourceTree = "<group>"; };
		49A3FACE2AED7ACB0043512C /* ProfileViewModel.swift */ = {isa = PBXFileReference; lastKnownFileType = sourcecode.swift; path = ProfileViewModel.swift; sourceTree = "<group>"; };
		49A3FAD02AED7DE00043512C /* GenderSegmentedPicker.swift */ = {isa = PBXFileReference; lastKnownFileType = sourcecode.swift; path = GenderSegmentedPicker.swift; sourceTree = "<group>"; };
		49A3FAD62AED81CB0043512C /* AvatarAsyncImage.swift */ = {isa = PBXFileReference; lastKnownFileType = sourcecode.swift; path = AvatarAsyncImage.swift; sourceTree = "<group>"; };
		49A3FADA2AED8A9A0043512C /* UpdateProfileUseCase.swift */ = {isa = PBXFileReference; lastKnownFileType = sourcecode.swift; path = UpdateProfileUseCase.swift; sourceTree = "<group>"; };
		49A3FADC2AED8AE50043512C /* Profile.swift */ = {isa = PBXFileReference; lastKnownFileType = sourcecode.swift; path = Profile.swift; sourceTree = "<group>"; };
		49A3FAE12AEDADA90043512C /* ProfileRepositoryProtocol.swift */ = {isa = PBXFileReference; lastKnownFileType = sourcecode.swift; path = ProfileRepositoryProtocol.swift; sourceTree = "<group>"; };
		49A3FAE42AEDAEE60043512C /* ProfileRepository.swift */ = {isa = PBXFileReference; lastKnownFileType = sourcecode.swift; path = ProfileRepository.swift; sourceTree = "<group>"; };
		49A3FAE72AEDBB270043512C /* GetProfileUseCase.swift */ = {isa = PBXFileReference; lastKnownFileType = sourcecode.swift; path = GetProfileUseCase.swift; sourceTree = "<group>"; };
		49A562832AE0EAD400222062 /* AuthScreenTitle.swift */ = {isa = PBXFileReference; lastKnownFileType = sourcecode.swift; path = AuthScreenTitle.swift; sourceTree = "<group>"; };
		49A620642AE6EBD800CEE994 /* TintColor.swift */ = {isa = PBXFileReference; lastKnownFileType = sourcecode.swift; path = TintColor.swift; sourceTree = "<group>"; };
		49A620662AE6EC0000CEE994 /* LabeledViewModifier.swift */ = {isa = PBXFileReference; lastKnownFileType = sourcecode.swift; path = LabeledViewModifier.swift; sourceTree = "<group>"; };
		49B6D75C2AE9A41B00451DAF /* ValidateEmailUseCase.swift */ = {isa = PBXFileReference; lastKnownFileType = sourcecode.swift; path = ValidateEmailUseCase.swift; sourceTree = "<group>"; };
		49B6D75E2AE9A7AD00451DAF /* AppFactory.swift */ = {isa = PBXFileReference; lastKnownFileType = sourcecode.swift; path = AppFactory.swift; sourceTree = "<group>"; };
		49C189BE2AE3F70D0029BAF9 /* Routable.swift */ = {isa = PBXFileReference; lastKnownFileType = sourcecode.swift; path = Routable.swift; sourceTree = "<group>"; };
		49C189C02AE3F7750029BAF9 /* NavigationState.swift */ = {isa = PBXFileReference; lastKnownFileType = sourcecode.swift; path = NavigationState.swift; sourceTree = "<group>"; };
		49C189C32AE3F80A0029BAF9 /* WelcomeRouter.swift */ = {isa = PBXFileReference; lastKnownFileType = sourcecode.swift; path = WelcomeRouter.swift; sourceTree = "<group>"; };
		49C189C72AE3FA940029BAF9 /* AppCoordinator.swift */ = {isa = PBXFileReference; lastKnownFileType = sourcecode.swift; path = AppCoordinator.swift; sourceTree = "<group>"; };
		49C189CA2AE3FC090029BAF9 /* WelcomeViewModel.swift */ = {isa = PBXFileReference; lastKnownFileType = sourcecode.swift; path = WelcomeViewModel.swift; sourceTree = "<group>"; };
		49C189CC2AE3FC2F0029BAF9 /* WelcomeViewState.swift */ = {isa = PBXFileReference; lastKnownFileType = sourcecode.swift; path = WelcomeViewState.swift; sourceTree = "<group>"; };
		49C3CE962AEA56EE009FACF4 /* PersonalInfoRegistrationViewModel.swift */ = {isa = PBXFileReference; lastKnownFileType = sourcecode.swift; path = PersonalInfoRegistrationViewModel.swift; sourceTree = "<group>"; };
		49C3CE992AEA5716009FACF4 /* PersonalInfoRegistrationViewState.swift */ = {isa = PBXFileReference; lastKnownFileType = sourcecode.swift; path = PersonalInfoRegistrationViewState.swift; sourceTree = "<group>"; };
		49C3CE9B2AEA585D009FACF4 /* PersonalInfoRegistrationRouter.swift */ = {isa = PBXFileReference; lastKnownFileType = sourcecode.swift; path = PersonalInfoRegistrationRouter.swift; sourceTree = "<group>"; };
		49C3CE9D2AEA595A009FACF4 /* PersonalInfoRegistrationView.swift */ = {isa = PBXFileReference; lastKnownFileType = sourcecode.swift; path = PersonalInfoRegistrationView.swift; sourceTree = "<group>"; };
		49C3CE9F2AEA5A5A009FACF4 /* PasswordRegistrationRouter.swift */ = {isa = PBXFileReference; lastKnownFileType = sourcecode.swift; path = PasswordRegistrationRouter.swift; sourceTree = "<group>"; };
		49C3CEA32AEA5B10009FACF4 /* PasswordRegistrationViewState.swift */ = {isa = PBXFileReference; lastKnownFileType = sourcecode.swift; path = PasswordRegistrationViewState.swift; sourceTree = "<group>"; };
		49C3CEA52AEA6026009FACF4 /* PasswordRegistrationView.swift */ = {isa = PBXFileReference; lastKnownFileType = sourcecode.swift; path = PasswordRegistrationView.swift; sourceTree = "<group>"; };
		49C3CEA72AEA603D009FACF4 /* PasswordRegistrationViewModel.swift */ = {isa = PBXFileReference; lastKnownFileType = sourcecode.swift; path = PasswordRegistrationViewModel.swift; sourceTree = "<group>"; };
		49C3CEAE2AEA6D32009FACF4 /* ScreenFactoryProtocols.swift */ = {isa = PBXFileReference; lastKnownFileType = sourcecode.swift; path = ScreenFactoryProtocols.swift; sourceTree = "<group>"; };
		49C3CEB92AEA725F009FACF4 /* CoordinatorFactoryProtocols.swift */ = {isa = PBXFileReference; lastKnownFileType = sourcecode.swift; path = CoordinatorFactoryProtocols.swift; sourceTree = "<group>"; };
		49CD15C32AEACE89003E6ADC /* ValidateUsernameUseCase.swift */ = {isa = PBXFileReference; lastKnownFileType = sourcecode.swift; path = ValidateUsernameUseCase.swift; sourceTree = "<group>"; };
		49CD15C52AEAD21A003E6ADC /* ValidatePasswordUseCase.swift */ = {isa = PBXFileReference; lastKnownFileType = sourcecode.swift; path = ValidatePasswordUseCase.swift; sourceTree = "<group>"; };
		49DA5D7B2AEA7B4100F96E97 /* AuthNavigationState.swift */ = {isa = PBXFileReference; fileEncoding = 4; lastKnownFileType = sourcecode.swift; path = AuthNavigationState.swift; sourceTree = "<group>"; };
		49E3A8C12AE1172B00AA05C5 /* Gender.swift */ = {isa = PBXFileReference; lastKnownFileType = sourcecode.swift; path = Gender.swift; sourceTree = "<group>"; };
		49E3A8C42AE11C3700AA05C5 /* BaseSegmentedPicker.swift */ = {isa = PBXFileReference; lastKnownFileType = sourcecode.swift; path = BaseSegmentedPicker.swift; sourceTree = "<group>"; };
		49E9280B2AE3E4F3006CC6EF /* LocalizedKeysConstants.swift */ = {isa = PBXFileReference; lastKnownFileType = sourcecode.swift; path = LocalizedKeysConstants.swift; sourceTree = "<group>"; };
		49EB26542AECEEB400FFD335 /* MovieAsyncImage.swift */ = {isa = PBXFileReference; lastKnownFileType = sourcecode.swift; path = MovieAsyncImage.swift; sourceTree = "<group>"; };
		49EB265C2AECF2EF00FFD335 /* MainView.swift */ = {isa = PBXFileReference; lastKnownFileType = sourcecode.swift; path = MainView.swift; sourceTree = "<group>"; };
		49EB265F2AECF38E00FFD335 /* MovieItem.swift */ = {isa = PBXFileReference; lastKnownFileType = sourcecode.swift; path = MovieItem.swift; sourceTree = "<group>"; };
		49EB26612AED01E200FFD335 /* MovieShort.swift */ = {isa = PBXFileReference; lastKnownFileType = sourcecode.swift; path = MovieShort.swift; sourceTree = "<group>"; };
		49EB26632AED020F00FFD335 /* MockData.swift */ = {isa = PBXFileReference; lastKnownFileType = sourcecode.swift; path = MockData.swift; sourceTree = "<group>"; };
		49EB26652AED02A600FFD335 /* MovieItemViewModel.swift */ = {isa = PBXFileReference; lastKnownFileType = sourcecode.swift; path = MovieItemViewModel.swift; sourceTree = "<group>"; };
		49EB26672AED03AA00FFD335 /* Genre.swift */ = {isa = PBXFileReference; lastKnownFileType = sourcecode.swift; path = Genre.swift; sourceTree = "<group>"; };
		49EB26692AED057A00FFD335 /* ReviewShort.swift */ = {isa = PBXFileReference; lastKnownFileType = sourcecode.swift; path = ReviewShort.swift; sourceTree = "<group>"; };
		49EB266C2AED272D00FFD335 /* RatingTagView.swift */ = {isa = PBXFileReference; lastKnownFileType = sourcecode.swift; path = RatingTagView.swift; sourceTree = "<group>"; };
		49EB266F2AED286A00FFD335 /* TagLayout.swift */ = {isa = PBXFileReference; lastKnownFileType = sourcecode.swift; path = TagLayout.swift; sourceTree = "<group>"; };
		49EB26752AED5E3900FFD335 /* GenreItem.swift */ = {isa = PBXFileReference; lastKnownFileType = sourcecode.swift; path = GenreItem.swift; sourceTree = "<group>"; };
/* End PBXFileReference section */

/* Begin PBXFrameworksBuildPhase section */
		49612ABC2ADAD8AF0081832B /* Frameworks */ = {
			isa = PBXFrameworksBuildPhase;
			buildActionMask = 2147483647;
			files = (
			);
			runOnlyForDeploymentPostprocessing = 0;
		};
/* End PBXFrameworksBuildPhase section */

/* Begin PBXGroup section */
		490186D22AE93E1A00A57C07 /* Modules */ = {
			isa = PBXGroup;
			children = (
				4961F4582ADFDF8800A717AB /* Welcome */,
				4961F4712AE020FA00A717AB /* Login */,
				49C3CE922AEA55A2009FACF4 /* PersonalInfoRegistration */,
				49C3CE932AEA55B6009FACF4 /* PasswordRegistration */,
			);
			path = Modules;
			sourceTree = "<group>";
		};
		490186D52AE945D700A57C07 /* ScreenFactory */ = {
			isa = PBXGroup;
			children = (
				49878FE62AE43E080076BF85 /* ScreenFactory.swift */,
				49C3CEAE2AEA6D32009FACF4 /* ScreenFactoryProtocols.swift */,
				49C3CEB92AEA725F009FACF4 /* CoordinatorFactoryProtocols.swift */,
			);
			path = ScreenFactory;
			sourceTree = "<group>";
		};
		490297C02AEC416E000AFDB4 /* Auth */ = {
			isa = PBXGroup;
			children = (
				490297CC2AEC5DFC000AFDB4 /* LoginUseCase.swift */,
				490297C12AEC417C000AFDB4 /* RegisterUserUseCase.swift */,
			);
			path = Auth;
			sourceTree = "<group>";
		};
		490297C32AEC41D5000AFDB4 /* Protocols */ = {
			isa = PBXGroup;
			children = (
				49A3FAE02AEDAD940043512C /* Repositories */,
				490297C42AEC41DD000AFDB4 /* Services */,
			);
			path = Protocols;
			sourceTree = "<group>";
		};
		490297C42AEC41DD000AFDB4 /* Services */ = {
			isa = PBXGroup;
			children = (
				490297C52AEC41EB000AFDB4 /* AuthNetworkService.swift */,
				490297C72AEC46D7000AFDB4 /* SecureStorageProtocol.swift */,
			);
			path = Services;
			sourceTree = "<group>";
		};
		490297C92AEC4A54000AFDB4 /* Models */ = {
			isa = PBXGroup;
			children = (
				490297CA2AEC4A62000AFDB4 /* PersonalInfoViewModel.swift */,
			);
			path = Models;
			sourceTree = "<group>";
		};
		490297D02AEC6203000AFDB4 /* ProgressViews */ = {
			isa = PBXGroup;
			children = (
				490297CE2AEC61ED000AFDB4 /* BaseProgressView.swift */,
			);
			path = ProgressViews;
			sourceTree = "<group>";
		};
		4903B1F42AE7031F00BDA83D /* Styles */ = {
			isa = PBXGroup;
			children = (
				4903B1F52AE7032500BDA83D /* ButtonStyles */,
			);
			path = Styles;
			sourceTree = "<group>";
		};
		4903B1F52AE7032500BDA83D /* ButtonStyles */ = {
			isa = PBXGroup;
			children = (
				4961F4922AE0520F00A717AB /* CalloutButtonStyle.swift */,
			);
			path = ButtonStyles;
			sourceTree = "<group>";
		};
		490BFABF2AE2B841003C921F /* CustomViews */ = {
			isa = PBXGroup;
			children = (
				4903B1F62AE7045F00BDA83D /* AuthView.swift */,
				4961F48C2AE045A700A717AB /* SecureInputView.swift */,
				493BB4E62AE1901D004C879F /* DatePickerField.swift */,
			);
			path = CustomViews;
			sourceTree = "<group>";
		};
		49115C262AEF6FD400B50FB9 /* MovieDetails */ = {
			isa = PBXGroup;
			children = (
				49115C272AEF701300B50FB9 /* View */,
			);
			path = MovieDetails;
			sourceTree = "<group>";
		};
		49115C272AEF701300B50FB9 /* View */ = {
			isa = PBXGroup;
			children = (
				49115C282AEF702500B50FB9 /* MovieDetailsView.swift */,
			);
			path = View;
			sourceTree = "<group>";
		};
		49145D7F2ADEBEFC0082E048 /* Presentation */ = {
			isa = PBXGroup;
			children = (
				4961F4622AE0006400A717AB /* Common */,
				49145D802ADEBF020082E048 /* Scenes */,
			);
			path = Presentation;
			sourceTree = "<group>";
		};
		49145D802ADEBF020082E048 /* Scenes */ = {
			isa = PBXGroup;
			children = (
				49C189C72AE3FA940029BAF9 /* AppCoordinator.swift */,
				49145D812ADEBF060082E048 /* Launch */,
				4961F4702AE020EF00A717AB /* Auth */,
				49EB264F2AECEE1900FFD335 /* Main */,
				49115C262AEF6FD400B50FB9 /* MovieDetails */,
				49BEC2B52AED770D00990BF5 /* Profile */,
			);
			path = Scenes;
			sourceTree = "<group>";
		};
		49145D812ADEBF060082E048 /* Launch */ = {
			isa = PBXGroup;
			children = (
				49145D822ADEBF1B0082E048 /* LaunchScreen.storyboard */,
			);
			path = Launch;
			sourceTree = "<group>";
		};
		491EBBD12AEBDA9200075FF0 /* Form */ = {
			isa = PBXGroup;
			children = (
				49A620662AE6EC0000CEE994 /* LabeledViewModifier.swift */,
				491EBBCD2AEBDA2600075FF0 /* ErrorFooterViewModifier.swift */,
				491EBBD22AEBDA9800075FF0 /* FormItemBackground.swift */,
				491EBBCF2AEBDA5000075FF0 /* FormErrorableItemViewModifier.swift */,
			);
			path = Form;
			sourceTree = "<group>";
		};
		491EBBD42AEBDAEA00075FF0 /* Form */ = {
			isa = PBXGroup;
			children = (
				4961F48E2AE0490B00A717AB /* FormTextFieldStyle.swift */,
				491EBBD52AEBDAFC00075FF0 /* FormBorderedTextFieldStyle.swift */,
			);
			path = Form;
			sourceTree = "<group>";
		};
		491EBBD72AEBDC9200075FF0 /* App */ = {
			isa = PBXGroup;
			children = (
				4961F4642AE0009E00A717AB /* AppBackgroundViewModifier.swift */,
				4961F46E2AE00AC100A717AB /* AppNavigationTitleViewModifier.swift */,
			);
			path = App;
			sourceTree = "<group>";
		};
		491EBBD82AEBDEEC00075FF0 /* Entities */ = {
			isa = PBXGroup;
			children = (
				49330CE32ADD420100BFA4C6 /* TokenInfo.swift */,
				49330CE72ADD424000BFA4C6 /* LoginCredentials.swift */,
				49E3A8C12AE1172B00AA05C5 /* Gender.swift */,
				490297BE2AEC3F63000AFDB4 /* UserRegister.swift */,
				49EB26612AED01E200FFD335 /* MovieShort.swift */,
				49EB26632AED020F00FFD335 /* MockData.swift */,
				49EB26672AED03AA00FFD335 /* Genre.swift */,
				49EB26692AED057A00FFD335 /* ReviewShort.swift */,
				49A3FADC2AED8AE50043512C /* Profile.swift */,
				497831692AEED54500860C41 /* Movie.swift */,
				4978316B2AEED55D00860C41 /* Review.swift */,
				4978316D2AEED57900860C41 /* UserShort.swift */,
				4978317B2AEEE9BF00860C41 /* ReviewDetails.swift */,
				4978317E2AEEEA2B00860C41 /* MovieDetails.swift */,
				497831822AEEF83D00860C41 /* PageInfo.swift */,
			);
			path = Entities;
			sourceTree = "<group>";
		};
		491EBBDD2AEBEFDC00075FF0 /* Helpers */ = {
			isa = PBXGroup;
			children = (
				491EBBDE2AEBF0F000075FF0 /* ValidationErrorHandler.swift */,
			);
			path = Helpers;
			sourceTree = "<group>";
		};
		491EBBE02AEC201300075FF0 /* Keychain */ = {
			isa = PBXGroup;
			children = (
				491EBBE12AEC20B100075FF0 /* SecureStorage.swift */,
			);
			path = Keychain;
			sourceTree = "<group>";
		};
		49330CC72ADD277200BFA4C6 /* Data */ = {
			isa = PBXGroup;
			children = (
				49A3FAE32AEDAE8E0043512C /* Repositories */,
				49330CC82ADD277E00BFA4C6 /* DTOs */,
			);
			path = Data;
			sourceTree = "<group>";
		};
		49330CC82ADD277E00BFA4C6 /* DTOs */ = {
			isa = PBXGroup;
			children = (
				49330CE12ADD41B600BFA4C6 /* UserRegisterDTO.swift */,
				49330CCD2ADD278900BFA4C6 /* GenreDTO.swift */,
				49330CCC2ADD278900BFA4C6 /* MovieShortDTO.swift */,
				49330CCA2ADD278900BFA4C6 /* ReviewShortDTO.swift */,
				49330CDB2ADD2E7C00BFA4C6 /* MovieDTO.swift */,
				49330CDD2ADD2EB500BFA4C6 /* ReviewDTO.swift */,
				49330CDF2ADD2ED200BFA4C6 /* UserShortDTO.swift */,
				49330CF82ADD854800BFA4C6 /* ProfileDTO.swift */,
				49330CFA2ADD856D00BFA4C6 /* GenderDTO.swift */,
				49330D002ADD992F00BFA4C6 /* ReviewModifyDTO.swift */,
				497831802AEEF82F00860C41 /* PageInfoDTO.swift */,
			);
			path = DTOs;
			sourceTree = "<group>";
		};
		49330CE92ADD425200BFA4C6 /* Models */ = {
			isa = PBXGroup;
			children = (
				49330CEC2ADD60E400BFA4C6 /* LogoutResponse.swift */,
			);
			path = Models;
			sourceTree = "<group>";
		};
		49330CF02ADD740F00BFA4C6 /* Encoding */ = {
			isa = PBXGroup;
			children = (
				49330CF12ADD741F00BFA4C6 /* URLParameterEncoder.swift */,
			);
			path = Encoding;
			sourceTree = "<group>";
		};
		49330CF72ADD7D8600BFA4C6 /* Common */ = {
			isa = PBXGroup;
			children = (
				4977E3CB2ADBD1DE008CE679 /* NetworkError.swift */,
				49330CF52ADD7C8B00BFA4C6 /* HTTPTask.swift */,
				4977E3C32ADBCF51008CE679 /* HTTPMethod.swift */,
			);
			path = Common;
			sourceTree = "<group>";
		};
		49612AB62ADAD8AF0081832B = {
			isa = PBXGroup;
			children = (
				49612AC12ADAD8AF0081832B /* Movies */,
				49612AC02ADAD8AF0081832B /* Products */,
			);
			sourceTree = "<group>";
		};
		49612AC02ADAD8AF0081832B /* Products */ = {
			isa = PBXGroup;
			children = (
				49612ABF2ADAD8AF0081832B /* Movies.app */,
			);
			name = Products;
			sourceTree = "<group>";
		};
		49612AC12ADAD8AF0081832B /* Movies */ = {
			isa = PBXGroup;
			children = (
				49C3F86E2ADEDC56008BAE92 /* Application */,
				49E3A8C02AE1172400AA05C5 /* Domain */,
				49145D7F2ADEBEFC0082E048 /* Presentation */,
				49330CC72ADD277200BFA4C6 /* Data */,
				4977E3C02ADBCF33008CE679 /* Infrastructure */,
				49C3F86F2ADEDC71008BAE92 /* Resources */,
			);
			path = Movies;
			sourceTree = "<group>";
		};
		49612AC82ADAD8B10081832B /* Preview Content */ = {
			isa = PBXGroup;
			children = (
				49612AC92ADAD8B10081832B /* Preview Assets.xcassets */,
			);
			path = "Preview Content";
			sourceTree = "<group>";
		};
		4961F4582ADFDF8800A717AB /* Welcome */ = {
			isa = PBXGroup;
			children = (
				49C189C32AE3F80A0029BAF9 /* WelcomeRouter.swift */,
				4961F4592ADFDF8F00A717AB /* View */,
				49C189C92AE3FC000029BAF9 /* ViewModel */,
			);
			path = Welcome;
			sourceTree = "<group>";
		};
		4961F4592ADFDF8F00A717AB /* View */ = {
			isa = PBXGroup;
			children = (
				4961F45A2ADFDF9700A717AB /* WelcomeView.swift */,
			);
			path = View;
			sourceTree = "<group>";
		};
		4961F45C2ADFE7DA00A717AB /* Components */ = {
			isa = PBXGroup;
			children = (
				49EB26742AED5E2000FFD335 /* Items */,
				49EB266E2AED285B00FFD335 /* Layouts */,
				4961F4632AE0007900A717AB /* ViewModifiers */,
				4961F4872AE036F200A717AB /* Styles */,
				49EB266B2AED272100FFD335 /* CustomViews */,
				49EB26532AECEEA800FFD335 /* Images */,
				49E3A8C32AE11C1C00AA05C5 /* Pickers */,
				490297D02AEC6203000AFDB4 /* ProgressViews */,
			);
			path = Components;
			sourceTree = "<group>";
		};
		4961F4622AE0006400A717AB /* Common */ = {
			isa = PBXGroup;
			children = (
				491EBBDD2AEBEFDC00075FF0 /* Helpers */,
				49E9280A2AE3E4D2006CC6EF /* Constants */,
				4995FF1D2AE2C28C00948457 /* Extensions */,
				4961F47A2AE021C100A717AB /* Protocols */,
				4961F45C2ADFE7DA00A717AB /* Components */,
			);
			path = Common;
			sourceTree = "<group>";
		};
		4961F4632AE0007900A717AB /* ViewModifiers */ = {
			isa = PBXGroup;
			children = (
				491EBBD72AEBDC9200075FF0 /* App */,
				491EBBD12AEBDA9200075FF0 /* Form */,
				49A620642AE6EBD800CEE994 /* TintColor.swift */,
			);
			path = ViewModifiers;
			sourceTree = "<group>";
		};
		4961F4702AE020EF00A717AB /* Auth */ = {
			isa = PBXGroup;
			children = (
				499E678E2AE804F6008A3BDE /* Coordinator */,
				490297C92AEC4A54000AFDB4 /* Models */,
				49B422FA2AE0DFE60032F773 /* Components */,
				490186D22AE93E1A00A57C07 /* Modules */,
			);
			path = Auth;
			sourceTree = "<group>";
		};
		4961F4712AE020FA00A717AB /* Login */ = {
			isa = PBXGroup;
			children = (
				49878FDD2AE43BB50076BF85 /* LoginRouter.swift */,
				4961F4722AE020FF00A717AB /* View */,
				4961F4752AE0219800A717AB /* ViewModel */,
			);
			path = Login;
			sourceTree = "<group>";
		};
		4961F4722AE020FF00A717AB /* View */ = {
			isa = PBXGroup;
			children = (
				4961F4732AE0210900A717AB /* LoginView.swift */,
			);
			path = View;
			sourceTree = "<group>";
		};
		4961F4752AE0219800A717AB /* ViewModel */ = {
			isa = PBXGroup;
			children = (
				4961F4762AE021A200A717AB /* LoginViewModel.swift */,
				4961F4782AE021AC00A717AB /* LoginViewState.swift */,
			);
			path = ViewModel;
			sourceTree = "<group>";
		};
		4961F47A2AE021C100A717AB /* Protocols */ = {
			isa = PBXGroup;
			children = (
				4961F47B2AE021C800A717AB /* ViewModel.swift */,
				49C189BE2AE3F70D0029BAF9 /* Routable.swift */,
				49C189C02AE3F7750029BAF9 /* NavigationState.swift */,
				497831782AEEE25400860C41 /* HasPlaceholder.swift */,
			);
			path = Protocols;
			sourceTree = "<group>";
		};
		4961F4872AE036F200A717AB /* Styles */ = {
			isa = PBXGroup;
			children = (
				4961F4942AE0584B00A717AB /* ButtonStyles */,
				4961F4882AE036FC00A717AB /* TextFieldStyles */,
			);
			path = Styles;
			sourceTree = "<group>";
		};
		4961F4882AE036FC00A717AB /* TextFieldStyles */ = {
			isa = PBXGroup;
			children = (
				491EBBD42AEBDAEA00075FF0 /* Form */,
			);
			path = TextFieldStyles;
			sourceTree = "<group>";
		};
		4961F4942AE0584B00A717AB /* ButtonStyles */ = {
			isa = PBXGroup;
			children = (
				4961F4972AE05CAE00A717AB /* BaseButtonStyle.swift */,
			);
			path = ButtonStyles;
			sourceTree = "<group>";
		};
		4977E3C02ADBCF33008CE679 /* Infrastructure */ = {
			isa = PBXGroup;
			children = (
				49330CE92ADD425200BFA4C6 /* Models */,
				491EBBE02AEC201300075FF0 /* Keychain */,
				4977E3C12ADBCF37008CE679 /* Networking */,
			);
			path = Infrastructure;
			sourceTree = "<group>";
		};
		4977E3C12ADBCF37008CE679 /* Networking */ = {
			isa = PBXGroup;
			children = (
				49330CF72ADD7D8600BFA4C6 /* Common */,
				49330CF02ADD740F00BFA4C6 /* Encoding */,
				4984BE162ADC741D00364027 /* Configs */,
				4977E3C22ADBCF47008CE679 /* Service */,
			);
			path = Networking;
			sourceTree = "<group>";
		};
		4977E3C22ADBCF47008CE679 /* Service */ = {
			isa = PBXGroup;
			children = (
				49330CEE2ADD663B00BFA4C6 /* NetworkManager.swift */,
				4984BE142ADC6ABB00364027 /* NetworkService.swift */,
				49330CD52ADD29AD00BFA4C6 /* NetworkServiceProtocols.swift */,
			);
			path = Service;
			sourceTree = "<group>";
		};
		497831622AEECD7900860C41 /* ViewModel */ = {
			isa = PBXGroup;
			children = (
				497831632AEECD8300860C41 /* MainViewModel.swift */,
				497831652AEECDAA00860C41 /* MainViewState.swift */,
			);
			path = ViewModel;
			sourceTree = "<group>";
		};
		497831732AEEE1A800860C41 /* Movie */ = {
			isa = PBXGroup;
			children = (
				497831712AEEE09200860C41 /* FetchMoviesUseCase.swift */,
			);
			path = Movie;
			sourceTree = "<group>";
		};
		4984BE162ADC741D00364027 /* Configs */ = {
			isa = PBXGroup;
			children = (
				49330CF32ADD7C7B00BFA4C6 /* NetworkConfig.swift */,
				49330CD92ADD2AA500BFA4C6 /* MovieNetworkConfig.swift */,
				49330CEA2ADD5B9F00BFA4C6 /* AuthNetworkConfig.swift */,
				49330CFC2ADD85E500BFA4C6 /* UserNetworkConfig.swift */,
				49330CFE2ADD8F2400BFA4C6 /* FavoriteMoviesNetworkConfig.swift */,
				49330D022ADD996300BFA4C6 /* ReviewNetworkConfig.swift */,
			);
			path = Configs;
			sourceTree = "<group>";
		};
		49878FE12AE43DC80076BF85 /* DependencyInjection */ = {
			isa = PBXGroup;
			children = (
				49B6D75E2AE9A7AD00451DAF /* AppFactory.swift */,
				490186D52AE945D700A57C07 /* ScreenFactory */,
			);
			path = DependencyInjection;
			sourceTree = "<group>";
		};
		4995FF1D2AE2C28C00948457 /* Extensions */ = {
			isa = PBXGroup;
			children = (
				4995FF1E2AE2C2B300948457 /* UISegmentedControl+ContentHugging.swift */,
				497831742AEEE21F00860C41 /* String+Placeholder.swift */,
				497831762AEEE22C00860C41 /* View+Redacted.swift */,
			);
			path = Extensions;
			sourceTree = "<group>";
		};
		499E678E2AE804F6008A3BDE /* Coordinator */ = {
			isa = PBXGroup;
			children = (
				497BC4572AE790E70002336C /* AuthCoordinator.swift */,
				49DA5D7B2AEA7B4100F96E97 /* AuthNavigationState.swift */,
			);
			path = Coordinator;
			sourceTree = "<group>";
		};
		49A3FACB2AED799E0043512C /* ViewModel */ = {
			isa = PBXGroup;
			children = (
				49A3FACE2AED7ACB0043512C /* ProfileViewModel.swift */,
				49A3FACC2AED79AA0043512C /* ProfileViewState.swift */,
			);
			path = ViewModel;
			sourceTree = "<group>";
		};
		49A3FAD52AED81B30043512C /* Components */ = {
			isa = PBXGroup;
			children = (
				49A3FAD62AED81CB0043512C /* AvatarAsyncImage.swift */,
			);
			path = Components;
			sourceTree = "<group>";
		};
		49A3FAE02AEDAD940043512C /* Repositories */ = {
			isa = PBXGroup;
			children = (
				49A3FAE12AEDADA90043512C /* ProfileRepositoryProtocol.swift */,
				497831672AEED4E600860C41 /* MovieRepositoryProtocol.swift */,
			);
			path = Repositories;
			sourceTree = "<group>";
		};
		49A3FAE32AEDAE8E0043512C /* Repositories */ = {
			isa = PBXGroup;
			children = (
				49A3FAE42AEDAEE60043512C /* ProfileRepository.swift */,
				4978316F2AEED5E800860C41 /* MovieRepository.swift */,
			);
			path = Repositories;
			sourceTree = "<group>";
		};
		49A3FAE62AEDB3250043512C /* Profile */ = {
			isa = PBXGroup;
			children = (
				49A3FAE72AEDBB270043512C /* GetProfileUseCase.swift */,
				49A3FADA2AED8A9A0043512C /* UpdateProfileUseCase.swift */,
			);
			path = Profile;
			sourceTree = "<group>";
		};
		49B422FA2AE0DFE60032F773 /* Components */ = {
			isa = PBXGroup;
			children = (
				4903B1F42AE7031F00BDA83D /* Styles */,
				490BFABF2AE2B841003C921F /* CustomViews */,
				49B422FB2AE0DFF20032F773 /* Labels */,
			);
			path = Components;
			sourceTree = "<group>";
		};
		49B422FB2AE0DFF20032F773 /* Labels */ = {
			isa = PBXGroup;
			children = (
				49A562832AE0EAD400222062 /* AuthScreenTitle.swift */,
			);
			path = Labels;
			sourceTree = "<group>";
		};
		49B6D75B2AE9A41200451DAF /* UseCases */ = {
			isa = PBXGroup;
			children = (
				497831732AEEE1A800860C41 /* Movie */,
				49A3FAE62AEDB3250043512C /* Profile */,
				490297C02AEC416E000AFDB4 /* Auth */,
				49CD15CA2AEAF788003E6ADC /* Validation */,
			);
			path = UseCases;
			sourceTree = "<group>";
		};
		49BEC2B52AED770D00990BF5 /* Profile */ = {
			isa = PBXGroup;
			children = (
				49BEC2B62AED771600990BF5 /* View */,
				49A3FACB2AED799E0043512C /* ViewModel */,
			);
			path = Profile;
			sourceTree = "<group>";
		};
		49BEC2B62AED771600990BF5 /* View */ = {
			isa = PBXGroup;
			children = (
				49A3FAD52AED81B30043512C /* Components */,
				49A3FAC92AED798E0043512C /* ProfileView.swift */,
			);
			path = View;
			sourceTree = "<group>";
		};
		49C189C92AE3FC000029BAF9 /* ViewModel */ = {
			isa = PBXGroup;
			children = (
				49C189CA2AE3FC090029BAF9 /* WelcomeViewModel.swift */,
				49C189CC2AE3FC2F0029BAF9 /* WelcomeViewState.swift */,
			);
			path = ViewModel;
			sourceTree = "<group>";
		};
		49C3CE922AEA55A2009FACF4 /* PersonalInfoRegistration */ = {
			isa = PBXGroup;
			children = (
				49C3CE9B2AEA585D009FACF4 /* PersonalInfoRegistrationRouter.swift */,
				49C3CE942AEA56D8009FACF4 /* View */,
				49C3CE952AEA56E2009FACF4 /* ViewModel */,
			);
			path = PersonalInfoRegistration;
			sourceTree = "<group>";
		};
		49C3CE932AEA55B6009FACF4 /* PasswordRegistration */ = {
			isa = PBXGroup;
			children = (
				49C3CE9F2AEA5A5A009FACF4 /* PasswordRegistrationRouter.swift */,
				49C3CEA12AEA5AF7009FACF4 /* View */,
				49C3CEA22AEA5AFA009FACF4 /* ViewModel */,
			);
			path = PasswordRegistration;
			sourceTree = "<group>";
		};
		49C3CE942AEA56D8009FACF4 /* View */ = {
			isa = PBXGroup;
			children = (
				49C3CE9D2AEA595A009FACF4 /* PersonalInfoRegistrationView.swift */,
			);
			path = View;
			sourceTree = "<group>";
		};
		49C3CE952AEA56E2009FACF4 /* ViewModel */ = {
			isa = PBXGroup;
			children = (
				49C3CE962AEA56EE009FACF4 /* PersonalInfoRegistrationViewModel.swift */,
				49C3CE992AEA5716009FACF4 /* PersonalInfoRegistrationViewState.swift */,
			);
			path = ViewModel;
			sourceTree = "<group>";
		};
		49C3CEA12AEA5AF7009FACF4 /* View */ = {
			isa = PBXGroup;
			children = (
				49C3CEA52AEA6026009FACF4 /* PasswordRegistrationView.swift */,
			);
			path = View;
			sourceTree = "<group>";
		};
		49C3CEA22AEA5AFA009FACF4 /* ViewModel */ = {
			isa = PBXGroup;
			children = (
				49C3CEA72AEA603D009FACF4 /* PasswordRegistrationViewModel.swift */,
				49C3CEA32AEA5B10009FACF4 /* PasswordRegistrationViewState.swift */,
			);
			path = ViewModel;
			sourceTree = "<group>";
		};
		49C3F86E2ADEDC56008BAE92 /* Application */ = {
			isa = PBXGroup;
			children = (
				49612AC22ADAD8AF0081832B /* MoviesApp.swift */,
				49878FE12AE43DC80076BF85 /* DependencyInjection */,
			);
			path = Application;
			sourceTree = "<group>";
		};
		49C3F86F2ADEDC71008BAE92 /* Resources */ = {
			isa = PBXGroup;
			children = (
				4961F4602ADFEACD00A717AB /* Localizable.xcstrings */,
				49612AC62ADAD8B10081832B /* Assets.xcassets */,
				49612AC82ADAD8B10081832B /* Preview Content */,
			);
			path = Resources;
			sourceTree = "<group>";
		};
		49CD15CA2AEAF788003E6ADC /* Validation */ = {
			isa = PBXGroup;
			children = (
				49B6D75C2AE9A41B00451DAF /* ValidateEmailUseCase.swift */,
				49CD15C32AEACE89003E6ADC /* ValidateUsernameUseCase.swift */,
				49CD15C52AEAD21A003E6ADC /* ValidatePasswordUseCase.swift */,
			);
			path = Validation;
			sourceTree = "<group>";
		};
		49E3A8C02AE1172400AA05C5 /* Domain */ = {
			isa = PBXGroup;
			children = (
				490297C32AEC41D5000AFDB4 /* Protocols */,
				491EBBD82AEBDEEC00075FF0 /* Entities */,
				49B6D75B2AE9A41200451DAF /* UseCases */,
			);
			path = Domain;
			sourceTree = "<group>";
		};
		49E3A8C32AE11C1C00AA05C5 /* Pickers */ = {
			isa = PBXGroup;
			children = (
				49E3A8C42AE11C3700AA05C5 /* BaseSegmentedPicker.swift */,
				49A3FAD02AED7DE00043512C /* GenderSegmentedPicker.swift */,
			);
			path = Pickers;
			sourceTree = "<group>";
		};
		49E9280A2AE3E4D2006CC6EF /* Constants */ = {
			isa = PBXGroup;
			children = (
				49E9280B2AE3E4F3006CC6EF /* LocalizedKeysConstants.swift */,
			);
			path = Constants;
			sourceTree = "<group>";
		};
		49EB264F2AECEE1900FFD335 /* Main */ = {
			isa = PBXGroup;
			children = (
				49EB265B2AECF2E200FFD335 /* View */,
				497831622AEECD7900860C41 /* ViewModel */,
				49EB26522AECEE6C00FFD335 /* Components */,
			);
			path = Main;
			sourceTree = "<group>";
		};
		49EB26522AECEE6C00FFD335 /* Components */ = {
			isa = PBXGroup;
			children = (
			);
			path = Components;
			sourceTree = "<group>";
		};
		49EB26532AECEEA800FFD335 /* Images */ = {
			isa = PBXGroup;
			children = (
				49EB26542AECEEB400FFD335 /* MovieAsyncImage.swift */,
			);
			path = Images;
			sourceTree = "<group>";
		};
		49EB265B2AECF2E200FFD335 /* View */ = {
			isa = PBXGroup;
			children = (
				49EB26772AED633D00FFD335 /* Components */,
				49EB265C2AECF2EF00FFD335 /* MainView.swift */,
			);
			path = View;
			sourceTree = "<group>";
		};
		49EB265E2AECF36400FFD335 /* MovieListItem */ = {
			isa = PBXGroup;
			children = (
				49EB265F2AECF38E00FFD335 /* MovieItem.swift */,
				49EB26652AED02A600FFD335 /* MovieItemViewModel.swift */,
			);
			path = MovieListItem;
			sourceTree = "<group>";
		};
		49EB266B2AED272100FFD335 /* CustomViews */ = {
			isa = PBXGroup;
			children = (
				49EB266C2AED272D00FFD335 /* RatingTagView.swift */,
			);
			path = CustomViews;
			sourceTree = "<group>";
		};
		49EB266E2AED285B00FFD335 /* Layouts */ = {
			isa = PBXGroup;
			children = (
				49EB266F2AED286A00FFD335 /* TagLayout.swift */,
			);
			path = Layouts;
			sourceTree = "<group>";
		};
		49EB26742AED5E2000FFD335 /* Items */ = {
			isa = PBXGroup;
			children = (
				49EB26752AED5E3900FFD335 /* GenreItem.swift */,
			);
			path = Items;
			sourceTree = "<group>";
		};
		49EB26772AED633D00FFD335 /* Components */ = {
			isa = PBXGroup;
			children = (
				49EB265E2AECF36400FFD335 /* MovieListItem */,
			);
			path = Components;
			sourceTree = "<group>";
		};
/* End PBXGroup section */

/* Begin PBXNativeTarget section */
		49612ABE2ADAD8AF0081832B /* Movies */ = {
			isa = PBXNativeTarget;
			buildConfigurationList = 49612ACD2ADAD8B10081832B /* Build configuration list for PBXNativeTarget "Movies" */;
			buildPhases = (
				49612ABB2ADAD8AF0081832B /* Sources */,
				49612ABC2ADAD8AF0081832B /* Frameworks */,
				49612ABD2ADAD8AF0081832B /* Resources */,
			);
			buildRules = (
			);
			dependencies = (
			);
			name = Movies;
			packageProductDependencies = (
			);
			productName = Movies;
			productReference = 49612ABF2ADAD8AF0081832B /* Movies.app */;
			productType = "com.apple.product-type.application";
		};
/* End PBXNativeTarget section */

/* Begin PBXProject section */
		49612AB72ADAD8AF0081832B /* Project object */ = {
			isa = PBXProject;
			attributes = {
				BuildIndependentTargetsInParallel = 1;
				LastSwiftUpdateCheck = 1500;
				LastUpgradeCheck = 1500;
				TargetAttributes = {
					49612ABE2ADAD8AF0081832B = {
						CreatedOnToolsVersion = 15.0;
					};
				};
			};
			buildConfigurationList = 49612ABA2ADAD8AF0081832B /* Build configuration list for PBXProject "Movies" */;
			compatibilityVersion = "Xcode 14.0";
			developmentRegion = en;
			hasScannedForEncodings = 0;
			knownRegions = (
				en,
				Base,
				ru,
			);
			mainGroup = 49612AB62ADAD8AF0081832B;
			packageReferences = (
			);
			productRefGroup = 49612AC02ADAD8AF0081832B /* Products */;
			projectDirPath = "";
			projectRoot = "";
			targets = (
				49612ABE2ADAD8AF0081832B /* Movies */,
			);
		};
/* End PBXProject section */

/* Begin PBXResourcesBuildPhase section */
		49612ABD2ADAD8AF0081832B /* Resources */ = {
			isa = PBXResourcesBuildPhase;
			buildActionMask = 2147483647;
			files = (
				49145D832ADEBF1B0082E048 /* LaunchScreen.storyboard in Resources */,
				49612ACA2ADAD8B10081832B /* Preview Assets.xcassets in Resources */,
				4961F4612ADFEACD00A717AB /* Localizable.xcstrings in Resources */,
				49612AC72ADAD8B10081832B /* Assets.xcassets in Resources */,
			);
			runOnlyForDeploymentPostprocessing = 0;
		};
/* End PBXResourcesBuildPhase section */

/* Begin PBXSourcesBuildPhase section */
		49612ABB2ADAD8AF0081832B /* Sources */ = {
			isa = PBXSourcesBuildPhase;
			buildActionMask = 2147483647;
			files = (
				49330CFD2ADD85E500BFA4C6 /* UserNetworkConfig.swift in Sources */,
				49330CD62ADD29AD00BFA4C6 /* NetworkServiceProtocols.swift in Sources */,
				497831682AEED4E600860C41 /* MovieRepositoryProtocol.swift in Sources */,
				4978316E2AEED57900860C41 /* UserShort.swift in Sources */,
				490297C82AEC46D7000AFDB4 /* SecureStorageProtocol.swift in Sources */,
				497831832AEEF83D00860C41 /* PageInfo.swift in Sources */,
				4961F48F2AE0490B00A717AB /* FormTextFieldStyle.swift in Sources */,
				4961F4772AE021A200A717AB /* LoginViewModel.swift in Sources */,
				49EB265D2AECF2EF00FFD335 /* MainView.swift in Sources */,
				49330CEF2ADD663B00BFA4C6 /* NetworkManager.swift in Sources */,
				49EB26762AED5E3900FFD335 /* GenreItem.swift in Sources */,
				490297CB2AEC4A62000AFDB4 /* PersonalInfoViewModel.swift in Sources */,
				49C3CE9E2AEA595A009FACF4 /* PersonalInfoRegistrationView.swift in Sources */,
				49330CED2ADD60E400BFA4C6 /* LogoutResponse.swift in Sources */,
				49C189C12AE3F7750029BAF9 /* NavigationState.swift in Sources */,
				497831752AEEE21F00860C41 /* String+Placeholder.swift in Sources */,
				49C3CEA82AEA603D009FACF4 /* PasswordRegistrationViewModel.swift in Sources */,
				49EB26602AECF38E00FFD335 /* MovieItem.swift in Sources */,
				49330CF92ADD854800BFA4C6 /* ProfileDTO.swift in Sources */,
				49A3FAD72AED81CB0043512C /* AvatarAsyncImage.swift in Sources */,
				49330CE82ADD424000BFA4C6 /* LoginCredentials.swift in Sources */,
				49C3CE9C2AEA585D009FACF4 /* PersonalInfoRegistrationRouter.swift in Sources */,
				49330CFB2ADD856D00BFA4C6 /* GenderDTO.swift in Sources */,
				491EBBE22AEC20B100075FF0 /* SecureStorage.swift in Sources */,
				4961F4652AE0009E00A717AB /* AppBackgroundViewModifier.swift in Sources */,
				49878FDE2AE43BB50076BF85 /* LoginRouter.swift in Sources */,
				49B6D75F2AE9A7AD00451DAF /* AppFactory.swift in Sources */,
				49330CE42ADD420100BFA4C6 /* TokenInfo.swift in Sources */,
				49C3CEA42AEA5B10009FACF4 /* PasswordRegistrationViewState.swift in Sources */,
				49330CE02ADD2ED200BFA4C6 /* UserShortDTO.swift in Sources */,
				49A3FADB2AED8A9A0043512C /* UpdateProfileUseCase.swift in Sources */,
				49E3A8C22AE1172B00AA05C5 /* Gender.swift in Sources */,
				49330CD12ADD278900BFA4C6 /* MovieShortDTO.swift in Sources */,
				49330CDC2ADD2E7C00BFA4C6 /* MovieDTO.swift in Sources */,
				497831702AEED5E800860C41 /* MovieRepository.swift in Sources */,
				491EBBDF2AEBF0F000075FF0 /* ValidationErrorHandler.swift in Sources */,
				49C189C42AE3F80A0029BAF9 /* WelcomeRouter.swift in Sources */,
				497831772AEEE22C00860C41 /* View+Redacted.swift in Sources */,
				49330CDA2ADD2AA500BFA4C6 /* MovieNetworkConfig.swift in Sources */,
				49A3FACD2AED79AA0043512C /* ProfileViewState.swift in Sources */,
				491EBBD62AEBDAFC00075FF0 /* FormBorderedTextFieldStyle.swift in Sources */,
				49330CF22ADD741F00BFA4C6 /* URLParameterEncoder.swift in Sources */,
				49DA5D7C2AEA7B4100F96E97 /* AuthNavigationState.swift in Sources */,
				491EBBD32AEBDA9800075FF0 /* FormItemBackground.swift in Sources */,
				490297CF2AEC61ED000AFDB4 /* BaseProgressView.swift in Sources */,
				49C189CD2AE3FC2F0029BAF9 /* WelcomeViewState.swift in Sources */,
				4961F45B2ADFDF9700A717AB /* WelcomeView.swift in Sources */,
				49C189C82AE3FA940029BAF9 /* AppCoordinator.swift in Sources */,
				4977E3CC2ADBD1DE008CE679 /* NetworkError.swift in Sources */,
				49CD15C62AEAD21A003E6ADC /* ValidatePasswordUseCase.swift in Sources */,
				4978316A2AEED54500860C41 /* Movie.swift in Sources */,
				49EB26702AED286A00FFD335 /* TagLayout.swift in Sources */,
				4978317F2AEEEA2B00860C41 /* MovieDetails.swift in Sources */,
				49C3CEAF2AEA6D32009FACF4 /* ScreenFactoryProtocols.swift in Sources */,
				49C3CE972AEA56EE009FACF4 /* PersonalInfoRegistrationViewModel.swift in Sources */,
				49EB26642AED020F00FFD335 /* MockData.swift in Sources */,
				497831662AEECDAA00860C41 /* MainViewState.swift in Sources */,
				49EB26552AECEEB400FFD335 /* MovieAsyncImage.swift in Sources */,
				497831792AEEE25400860C41 /* HasPlaceholder.swift in Sources */,
				49330D012ADD992F00BFA4C6 /* ReviewModifyDTO.swift in Sources */,
				49330CCF2ADD278900BFA4C6 /* ReviewShortDTO.swift in Sources */,
				4961F4982AE05CAE00A717AB /* BaseButtonStyle.swift in Sources */,
				4961F4932AE0520F00A717AB /* CalloutButtonStyle.swift in Sources */,
				49EB26682AED03AA00FFD335 /* Genre.swift in Sources */,
				49C3CEA02AEA5A5A009FACF4 /* PasswordRegistrationRouter.swift in Sources */,
				4978317C2AEEE9BF00860C41 /* ReviewDetails.swift in Sources */,
				49EB266A2AED057A00FFD335 /* ReviewShort.swift in Sources */,
				49A3FADD2AED8AE50043512C /* Profile.swift in Sources */,
				49A620652AE6EBD800CEE994 /* TintColor.swift in Sources */,
				49EB266D2AED272D00FFD335 /* RatingTagView.swift in Sources */,
				497831722AEEE09200860C41 /* FetchMoviesUseCase.swift in Sources */,
				4995FF1F2AE2C2B300948457 /* UISegmentedControl+ContentHugging.swift in Sources */,
				4961F47C2AE021C800A717AB /* ViewModel.swift in Sources */,
				49CD15C42AEACE89003E6ADC /* ValidateUsernameUseCase.swift in Sources */,
				4984BE152ADC6ABC00364027 /* NetworkService.swift in Sources */,
				49A562842AE0EAD400222062 /* AuthScreenTitle.swift in Sources */,
				490297C22AEC417C000AFDB4 /* RegisterUserUseCase.swift in Sources */,
				49A3FAE82AEDBB270043512C /* GetProfileUseCase.swift in Sources */,
				49330CF42ADD7C7B00BFA4C6 /* NetworkConfig.swift in Sources */,
				49115C292AEF702500B50FB9 /* MovieDetailsView.swift in Sources */,
				4961F48D2AE045A700A717AB /* SecureInputView.swift in Sources */,
				49330CEB2ADD5B9F00BFA4C6 /* AuthNetworkConfig.swift in Sources */,
				497831642AEECD8300860C41 /* MainViewModel.swift in Sources */,
				49C189BF2AE3F70D0029BAF9 /* Routable.swift in Sources */,
				49330CE22ADD41B600BFA4C6 /* UserRegisterDTO.swift in Sources */,
				49A3FAE22AEDADA90043512C /* ProfileRepositoryProtocol.swift in Sources */,
				49330CD22ADD278900BFA4C6 /* GenreDTO.swift in Sources */,
				497BC4582AE790E70002336C /* AuthCoordinator.swift in Sources */,
				49A3FACF2AED7ACB0043512C /* ProfileViewModel.swift in Sources */,
				491EBBD02AEBDA5000075FF0 /* FormErrorableItemViewModifier.swift in Sources */,
				49C3CEBA2AEA725F009FACF4 /* CoordinatorFactoryProtocols.swift in Sources */,
				49330D032ADD996300BFA4C6 /* ReviewNetworkConfig.swift in Sources */,
				49330CF62ADD7C8B00BFA4C6 /* HTTPTask.swift in Sources */,
				497831812AEEF82F00860C41 /* PageInfoDTO.swift in Sources */,
				4961F46F2AE00AC100A717AB /* AppNavigationTitleViewModifier.swift in Sources */,
				49C3CEA62AEA6026009FACF4 /* PasswordRegistrationView.swift in Sources */,
				4961F4792AE021AC00A717AB /* LoginViewState.swift in Sources */,
				49C3CE9A2AEA5716009FACF4 /* PersonalInfoRegistrationViewState.swift in Sources */,
				490297BF2AEC3F63000AFDB4 /* UserRegister.swift in Sources */,
				49612AC32ADAD8AF0081832B /* MoviesApp.swift in Sources */,
				4903B1F72AE7045F00BDA83D /* AuthView.swift in Sources */,
				49330CFF2ADD8F2400BFA4C6 /* FavoriteMoviesNetworkConfig.swift in Sources */,
				49878FE72AE43E080076BF85 /* ScreenFactory.swift in Sources */,
				490297C62AEC41EB000AFDB4 /* AuthNetworkService.swift in Sources */,
				49E9280C2AE3E4F3006CC6EF /* LocalizedKeysConstants.swift in Sources */,
				49EB26662AED02A600FFD335 /* MovieItemViewModel.swift in Sources */,
				49A620672AE6EC0000CEE994 /* LabeledViewModifier.swift in Sources */,
				49A3FAD12AED7DE00043512C /* GenderSegmentedPicker.swift in Sources */,
				49E3A8C52AE11C3700AA05C5 /* BaseSegmentedPicker.swift in Sources */,
				4977E3C42ADBCF51008CE679 /* HTTPMethod.swift in Sources */,
				49A3FACA2AED798E0043512C /* ProfileView.swift in Sources */,
				4961F4742AE0210900A717AB /* LoginView.swift in Sources */,
				49B6D75D2AE9A41B00451DAF /* ValidateEmailUseCase.swift in Sources */,
				493BB4E72AE1901D004C879F /* DatePickerField.swift in Sources */,
				491EBBCE2AEBDA2600075FF0 /* ErrorFooterViewModifier.swift in Sources */,
				49330CDE2ADD2EB500BFA4C6 /* ReviewDTO.swift in Sources */,
				4978316C2AEED55D00860C41 /* Review.swift in Sources */,
				49C189CB2AE3FC090029BAF9 /* WelcomeViewModel.swift in Sources */,
				49EB26622AED01E200FFD335 /* MovieShort.swift in Sources */,
				49A3FAE52AEDAEE70043512C /* ProfileRepository.swift in Sources */,
				490297CD2AEC5DFC000AFDB4 /* LoginUseCase.swift in Sources */,
			);
			runOnlyForDeploymentPostprocessing = 0;
		};
/* End PBXSourcesBuildPhase section */

/* Begin XCBuildConfiguration section */
		49612ACB2ADAD8B10081832B /* Debug */ = {
			isa = XCBuildConfiguration;
			buildSettings = {
				ALWAYS_SEARCH_USER_PATHS = NO;
				ASSETCATALOG_COMPILER_GENERATE_SWIFT_ASSET_SYMBOL_EXTENSIONS = YES;
				CLANG_ANALYZER_NONNULL = YES;
				CLANG_ANALYZER_NUMBER_OBJECT_CONVERSION = YES_AGGRESSIVE;
				CLANG_CXX_LANGUAGE_STANDARD = "gnu++20";
				CLANG_ENABLE_MODULES = YES;
				CLANG_ENABLE_OBJC_ARC = YES;
				CLANG_ENABLE_OBJC_WEAK = YES;
				CLANG_WARN_BLOCK_CAPTURE_AUTORELEASING = YES;
				CLANG_WARN_BOOL_CONVERSION = YES;
				CLANG_WARN_COMMA = YES;
				CLANG_WARN_CONSTANT_CONVERSION = YES;
				CLANG_WARN_DEPRECATED_OBJC_IMPLEMENTATIONS = YES;
				CLANG_WARN_DIRECT_OBJC_ISA_USAGE = YES_ERROR;
				CLANG_WARN_DOCUMENTATION_COMMENTS = YES;
				CLANG_WARN_EMPTY_BODY = YES;
				CLANG_WARN_ENUM_CONVERSION = YES;
				CLANG_WARN_INFINITE_RECURSION = YES;
				CLANG_WARN_INT_CONVERSION = YES;
				CLANG_WARN_NON_LITERAL_NULL_CONVERSION = YES;
				CLANG_WARN_OBJC_IMPLICIT_RETAIN_SELF = YES;
				CLANG_WARN_OBJC_LITERAL_CONVERSION = YES;
				CLANG_WARN_OBJC_ROOT_CLASS = YES_ERROR;
				CLANG_WARN_QUOTED_INCLUDE_IN_FRAMEWORK_HEADER = YES;
				CLANG_WARN_RANGE_LOOP_ANALYSIS = YES;
				CLANG_WARN_STRICT_PROTOTYPES = YES;
				CLANG_WARN_SUSPICIOUS_MOVE = YES;
				CLANG_WARN_UNGUARDED_AVAILABILITY = YES_AGGRESSIVE;
				CLANG_WARN_UNREACHABLE_CODE = YES;
				CLANG_WARN__DUPLICATE_METHOD_MATCH = YES;
				COPY_PHASE_STRIP = NO;
				DEBUG_INFORMATION_FORMAT = dwarf;
				ENABLE_STRICT_OBJC_MSGSEND = YES;
				ENABLE_TESTABILITY = YES;
				ENABLE_USER_SCRIPT_SANDBOXING = YES;
				GCC_C_LANGUAGE_STANDARD = gnu17;
				GCC_DYNAMIC_NO_PIC = NO;
				GCC_NO_COMMON_BLOCKS = YES;
				GCC_OPTIMIZATION_LEVEL = 0;
				GCC_PREPROCESSOR_DEFINITIONS = (
					"DEBUG=1",
					"$(inherited)",
				);
				GCC_WARN_64_TO_32_BIT_CONVERSION = YES;
				GCC_WARN_ABOUT_RETURN_TYPE = YES_ERROR;
				GCC_WARN_UNDECLARED_SELECTOR = YES;
				GCC_WARN_UNINITIALIZED_AUTOS = YES_AGGRESSIVE;
				GCC_WARN_UNUSED_FUNCTION = YES;
				GCC_WARN_UNUSED_VARIABLE = YES;
				IPHONEOS_DEPLOYMENT_TARGET = 16.0;
				LOCALIZATION_PREFERS_STRING_CATALOGS = YES;
				MTL_ENABLE_DEBUG_INFO = INCLUDE_SOURCE;
				MTL_FAST_MATH = YES;
				ONLY_ACTIVE_ARCH = YES;
				SDKROOT = iphoneos;
				SWIFT_ACTIVE_COMPILATION_CONDITIONS = "DEBUG $(inherited)";
				SWIFT_OPTIMIZATION_LEVEL = "-Onone";
			};
			name = Debug;
		};
		49612ACC2ADAD8B10081832B /* Release */ = {
			isa = XCBuildConfiguration;
			buildSettings = {
				ALWAYS_SEARCH_USER_PATHS = NO;
				ASSETCATALOG_COMPILER_GENERATE_SWIFT_ASSET_SYMBOL_EXTENSIONS = YES;
				CLANG_ANALYZER_NONNULL = YES;
				CLANG_ANALYZER_NUMBER_OBJECT_CONVERSION = YES_AGGRESSIVE;
				CLANG_CXX_LANGUAGE_STANDARD = "gnu++20";
				CLANG_ENABLE_MODULES = YES;
				CLANG_ENABLE_OBJC_ARC = YES;
				CLANG_ENABLE_OBJC_WEAK = YES;
				CLANG_WARN_BLOCK_CAPTURE_AUTORELEASING = YES;
				CLANG_WARN_BOOL_CONVERSION = YES;
				CLANG_WARN_COMMA = YES;
				CLANG_WARN_CONSTANT_CONVERSION = YES;
				CLANG_WARN_DEPRECATED_OBJC_IMPLEMENTATIONS = YES;
				CLANG_WARN_DIRECT_OBJC_ISA_USAGE = YES_ERROR;
				CLANG_WARN_DOCUMENTATION_COMMENTS = YES;
				CLANG_WARN_EMPTY_BODY = YES;
				CLANG_WARN_ENUM_CONVERSION = YES;
				CLANG_WARN_INFINITE_RECURSION = YES;
				CLANG_WARN_INT_CONVERSION = YES;
				CLANG_WARN_NON_LITERAL_NULL_CONVERSION = YES;
				CLANG_WARN_OBJC_IMPLICIT_RETAIN_SELF = YES;
				CLANG_WARN_OBJC_LITERAL_CONVERSION = YES;
				CLANG_WARN_OBJC_ROOT_CLASS = YES_ERROR;
				CLANG_WARN_QUOTED_INCLUDE_IN_FRAMEWORK_HEADER = YES;
				CLANG_WARN_RANGE_LOOP_ANALYSIS = YES;
				CLANG_WARN_STRICT_PROTOTYPES = YES;
				CLANG_WARN_SUSPICIOUS_MOVE = YES;
				CLANG_WARN_UNGUARDED_AVAILABILITY = YES_AGGRESSIVE;
				CLANG_WARN_UNREACHABLE_CODE = YES;
				CLANG_WARN__DUPLICATE_METHOD_MATCH = YES;
				COPY_PHASE_STRIP = NO;
				DEBUG_INFORMATION_FORMAT = "dwarf-with-dsym";
				ENABLE_NS_ASSERTIONS = NO;
				ENABLE_STRICT_OBJC_MSGSEND = YES;
				ENABLE_USER_SCRIPT_SANDBOXING = YES;
				GCC_C_LANGUAGE_STANDARD = gnu17;
				GCC_NO_COMMON_BLOCKS = YES;
				GCC_WARN_64_TO_32_BIT_CONVERSION = YES;
				GCC_WARN_ABOUT_RETURN_TYPE = YES_ERROR;
				GCC_WARN_UNDECLARED_SELECTOR = YES;
				GCC_WARN_UNINITIALIZED_AUTOS = YES_AGGRESSIVE;
				GCC_WARN_UNUSED_FUNCTION = YES;
				GCC_WARN_UNUSED_VARIABLE = YES;
				IPHONEOS_DEPLOYMENT_TARGET = 16.0;
				LOCALIZATION_PREFERS_STRING_CATALOGS = YES;
				MTL_ENABLE_DEBUG_INFO = NO;
				MTL_FAST_MATH = YES;
				SDKROOT = iphoneos;
				SWIFT_COMPILATION_MODE = wholemodule;
				VALIDATE_PRODUCT = YES;
			};
			name = Release;
		};
		49612ACE2ADAD8B10081832B /* Debug */ = {
			isa = XCBuildConfiguration;
			buildSettings = {
				ASSETCATALOG_COMPILER_APPICON_NAME = AppIcon;
				ASSETCATALOG_COMPILER_GLOBAL_ACCENT_COLOR_NAME = AccentColor;
				CODE_SIGN_STYLE = Automatic;
				CURRENT_PROJECT_VERSION = 1;
				DEVELOPMENT_ASSET_PATHS = "\"Movies/Resources/Preview Content\"";
				DEVELOPMENT_TEAM = 9KT4MKX52L;
				ENABLE_PREVIEWS = YES;
				GENERATE_INFOPLIST_FILE = YES;
				INFOPLIST_KEY_UIApplicationSceneManifest_Generation = YES;
				INFOPLIST_KEY_UIApplicationSupportsIndirectInputEvents = YES;
				INFOPLIST_KEY_UILaunchScreen_Generation = YES;
				INFOPLIST_KEY_UILaunchStoryboardName = LaunchScreen.storyboard;
				INFOPLIST_KEY_UISupportedInterfaceOrientations_iPad = "UIInterfaceOrientationPortrait UIInterfaceOrientationPortraitUpsideDown UIInterfaceOrientationLandscapeLeft UIInterfaceOrientationLandscapeRight";
				INFOPLIST_KEY_UISupportedInterfaceOrientations_iPhone = "UIInterfaceOrientationPortrait UIInterfaceOrientationLandscapeLeft UIInterfaceOrientationLandscapeRight";
				IPHONEOS_DEPLOYMENT_TARGET = 16.0;
				LD_RUNPATH_SEARCH_PATHS = (
					"$(inherited)",
					"@executable_path/Frameworks",
				);
				MARKETING_VERSION = 1.0;
				PRODUCT_BUNDLE_IDENTIFIER = sem.Movies;
				PRODUCT_NAME = "$(TARGET_NAME)";
				SWIFT_EMIT_LOC_STRINGS = YES;
				SWIFT_VERSION = 5.0;
				TARGETED_DEVICE_FAMILY = "1,2";
			};
			name = Debug;
		};
		49612ACF2ADAD8B10081832B /* Release */ = {
			isa = XCBuildConfiguration;
			buildSettings = {
				ASSETCATALOG_COMPILER_APPICON_NAME = AppIcon;
				ASSETCATALOG_COMPILER_GLOBAL_ACCENT_COLOR_NAME = AccentColor;
				CODE_SIGN_STYLE = Automatic;
				CURRENT_PROJECT_VERSION = 1;
				DEVELOPMENT_ASSET_PATHS = "\"Movies/Resources/Preview Content\"";
				DEVELOPMENT_TEAM = 9KT4MKX52L;
				ENABLE_PREVIEWS = YES;
				GENERATE_INFOPLIST_FILE = YES;
				INFOPLIST_KEY_UIApplicationSceneManifest_Generation = YES;
				INFOPLIST_KEY_UIApplicationSupportsIndirectInputEvents = YES;
				INFOPLIST_KEY_UILaunchScreen_Generation = YES;
				INFOPLIST_KEY_UILaunchStoryboardName = LaunchScreen.storyboard;
				INFOPLIST_KEY_UISupportedInterfaceOrientations_iPad = "UIInterfaceOrientationPortrait UIInterfaceOrientationPortraitUpsideDown UIInterfaceOrientationLandscapeLeft UIInterfaceOrientationLandscapeRight";
				INFOPLIST_KEY_UISupportedInterfaceOrientations_iPhone = "UIInterfaceOrientationPortrait UIInterfaceOrientationLandscapeLeft UIInterfaceOrientationLandscapeRight";
				IPHONEOS_DEPLOYMENT_TARGET = 16.0;
				LD_RUNPATH_SEARCH_PATHS = (
					"$(inherited)",
					"@executable_path/Frameworks",
				);
				MARKETING_VERSION = 1.0;
				PRODUCT_BUNDLE_IDENTIFIER = sem.Movies;
				PRODUCT_NAME = "$(TARGET_NAME)";
				SWIFT_EMIT_LOC_STRINGS = YES;
				SWIFT_VERSION = 5.0;
				TARGETED_DEVICE_FAMILY = "1,2";
			};
			name = Release;
		};
/* End XCBuildConfiguration section */

/* Begin XCConfigurationList section */
		49612ABA2ADAD8AF0081832B /* Build configuration list for PBXProject "Movies" */ = {
			isa = XCConfigurationList;
			buildConfigurations = (
				49612ACB2ADAD8B10081832B /* Debug */,
				49612ACC2ADAD8B10081832B /* Release */,
			);
			defaultConfigurationIsVisible = 0;
			defaultConfigurationName = Release;
		};
		49612ACD2ADAD8B10081832B /* Build configuration list for PBXNativeTarget "Movies" */ = {
			isa = XCConfigurationList;
			buildConfigurations = (
				49612ACE2ADAD8B10081832B /* Debug */,
				49612ACF2ADAD8B10081832B /* Release */,
			);
			defaultConfigurationIsVisible = 0;
			defaultConfigurationName = Release;
		};
/* End XCConfigurationList section */
	};
	rootObject = 49612AB72ADAD8AF0081832B /* Project object */;
}
